Microsoft Visual Studio Solution File, Format Version 12.00
# Visual Studio Version 17
VisualStudioVersion = 17.0.31815.197
MinimumVisualStudioVersion = 10.0.40219.1
Project("{2150E333-8FDC-42A3-9474-1A3956D46DE8}") = "Backend Libraries", "Backend Libraries", "{261ED94F-5197-460B-9B6F-C3E0802193F7}"
EndProject
Project("{2150E333-8FDC-42A3-9474-1A3956D46DE8}") = "Desktop", "Desktop", "{8FC77051-A10F-47B7-99C0-44F9EA5ABABE}"
EndProject
Project("{2150E333-8FDC-42A3-9474-1A3956D46DE8}") = "Web", "Web", "{1DA159C8-90C4-4281-BD8E-514EF1B0CF3E}"
EndProject
Project("{9A19103F-16F7-4668-BE54-9A1E7A4F7556}") = "ConsoleDesign", "Desktop\ConsoleDesign\ConsoleDesign.csproj", "{4B99397C-0463-40DF-8151-71339EB054C5}"
EndProject
Project("{2150E333-8FDC-42A3-9474-1A3956D46DE8}") = "_Configs", "_Configs", "{4233726F-ADE3-4D58-BEEA-80F16678477C}"
	ProjectSection(SolutionItems) = preProject
		.editorconfig = .editorconfig
		nuget.config = nuget.config
	EndProjectSection
EndProject
Project("{2150E333-8FDC-42A3-9474-1A3956D46DE8}") = "Gui", "Gui", "{0668E463-2FB9-4D83-8FD5-BABAF6E85BDB}"
EndProject
Project("{2150E333-8FDC-42A3-9474-1A3956D46DE8}") = "Console", "Console", "{2BAD429E-8340-4392-8BE0-CFBE712E7623}"
EndProject
Project("{2150E333-8FDC-42A3-9474-1A3956D46DE8}") = "PluginsEnApps", "PluginsEnApps", "{6FF492B8-DC9B-4E6E-A8F5-BE4685D006EE}"
EndProject
Project("{9A19103F-16F7-4668-BE54-9A1E7A4F7556}") = "PluginAPI", "Utilities\PluginsEnApps\PluginAPI\PluginAPI.csproj", "{6DF40625-40BA-4AD7-8FCB-D7512DA71FFC}"
EndProject
Project("{2150E333-8FDC-42A3-9474-1A3956D46DE8}") = "Databases", "Databases", "{CAF6C396-AE23-4A29-A4A3-F7393F380606}"
EndProject
Project("{2150E333-8FDC-42A3-9474-1A3956D46DE8}") = "Networking", "Networking", "{BCE6B57D-2CBF-4B5D-A80C-91B21D367B58}"
EndProject
Project("{2150E333-8FDC-42A3-9474-1A3956D46DE8}") = "Input Output", "Input Output", "{DB77C912-4342-4B9D-93B3-21824168953D}"
EndProject
Project("{2150E333-8FDC-42A3-9474-1A3956D46DE8}") = "Performance", "Performance", "{62AE01BE-B705-4CFE-BB94-4EFA8AD5D640}"
EndProject
Project("{2150E333-8FDC-42A3-9474-1A3956D46DE8}") = "Security", "Security", "{EDEC32C5-5646-4581-83F4-0BAC65CD4E61}"
EndProject
Project("{2150E333-8FDC-42A3-9474-1A3956D46DE8}") = "EntityFrameworkCore", "EntityFrameworkCore", "{93BD8A34-DE33-4476-97D2-19A084BD4A48}"
EndProject
Project("{9A19103F-16F7-4668-BE54-9A1E7A4F7556}") = "AsyncAwait", "BackendLibraries\Performance\AsyncAwait\AsyncAwait.csproj", "{5BAFE29F-39A6-4653-8AB4-DB53A05BCA13}"
EndProject
Project("{9A19103F-16F7-4668-BE54-9A1E7A4F7556}") = "ParallelExecutionCode", "BackendLibraries\Performance\ParallelExecutionCode\ParallelExecutionCode.csproj", "{3409DFF2-5473-4ADE-9917-C7121008D7E9}"
EndProject
Project("{9A19103F-16F7-4668-BE54-9A1E7A4F7556}") = "ThreadsManagement", "BackendLibraries\Performance\ThreadsManagement\ThreadsManagement.csproj", "{5B219BA4-1899-45AF-A36E-2E33594451A1}"
EndProject
Project("{2150E333-8FDC-42A3-9474-1A3956D46DE8}") = "ORM", "ORM", "{9F482526-4BE5-432B-867D-12DB99E95A74}"
EndProject
Project("{2150E333-8FDC-42A3-9474-1A3956D46DE8}") = "ADO.NET", "ADO.NET", "{351EE22A-AC96-4520-B181-E03755B9D04F}"
EndProject
Project("{9A19103F-16F7-4668-BE54-9A1E7A4F7556}") = "AdvancedEncryptionStandard", "BackendLibraries\Security\AdvancedEncryptionStandard\AdvancedEncryptionStandard.csproj", "{3831A28E-B7D6-45AE-BFBE-09AC4E5768E3}"
EndProject
Project("{2150E333-8FDC-42A3-9474-1A3956D46DE8}") = "Cifrados", "Cifrados", "{1BBC0F6D-4069-4C34-B07B-FD8663F11908}"
EndProject
Project("{9A19103F-16F7-4668-BE54-9A1E7A4F7556}") = "RsaAlgorithm", "BackendLibraries\Security\RsaAlgorithm\RsaAlgorithm.csproj", "{28AB039F-180A-4C8A-B20B-09CE1231777A}"
EndProject
Project("{9A19103F-16F7-4668-BE54-9A1E7A4F7556}") = "TextFiles", "BackendLibraries\InputOutput\TextFiles\TextFiles.csproj", "{F96147E0-39A9-4B99-9C83-786E9EB80045}"
EndProject
Project("{9A19103F-16F7-4668-BE54-9A1E7A4F7556}") = "ConfigurationFiles", "BackendLibraries\InputOutput\ConfigurationFiles\ConfigurationFiles.csproj", "{A39A5B2E-66CB-41B5-B3BA-1B39297BD5CA}"
EndProject
Project("{9A19103F-16F7-4668-BE54-9A1E7A4F7556}") = "JsonFiles", "BackendLibraries\InputOutput\JsonFiles\JsonFiles.csproj", "{B655801E-3FB2-4726-8442-D26F0034A337}"
EndProject
Project("{9A19103F-16F7-4668-BE54-9A1E7A4F7556}") = "XmlFiles", "BackendLibraries\InputOutput\XmlFiles\XmlFiles.csproj", "{3356B93E-588A-436F-BF8C-3CBA99B953A8}"
EndProject
Project("{9A19103F-16F7-4668-BE54-9A1E7A4F7556}") = "Sockets", "BackendLibraries\Networking\Sockets\Sockets.csproj", "{7E5689C4-44FC-4BB7-9F21-9BC19700E9D2}"
EndProject
Project("{9A19103F-16F7-4668-BE54-9A1E7A4F7556}") = "SimpleMailTransferProtocol", "BackendLibraries\Networking\SimpleMailTransferProtocol\SimpleMailTransferProtocol.csproj", "{28572D7B-B794-4A93-9299-5EE67EE73CFE}"
EndProject
Project("{9A19103F-16F7-4668-BE54-9A1E7A4F7556}") = "HttpRequests", "BackendLibraries\Networking\HttpRequests\HttpRequests.csproj", "{C94056E5-1799-4AFF-AC05-8A033F08EE0A}"
EndProject
Project("{9A19103F-16F7-4668-BE54-9A1E7A4F7556}") = "ApiJWT", "Web\ApiJWT\ApiJWT.csproj", "{9BA2F5E7-CFEC-4671-8043-3C159EDEB3ED}"
EndProject
Project("{2150E333-8FDC-42A3-9474-1A3956D46DE8}") = "Dapper", "Dapper", "{CC4E5E2F-BBB9-4765-9E79-9971FD11621D}"
EndProject
Project("{2150E333-8FDC-42A3-9474-1A3956D46DE8}") = "Algoritmos", "Algoritmos", "{092D883B-8021-4EA1-8996-CF11B1AE0BAB}"
EndProject
Project("{9A19103F-16F7-4668-BE54-9A1E7A4F7556}") = "BusquedaBinaria", "Utilities\Algoritmos\BusquedaBinaria\BusquedaBinaria.csproj", "{B5191F93-91B8-4868-9BA3-379937F4130C}"
EndProject
Project("{9A19103F-16F7-4668-BE54-9A1E7A4F7556}") = "ArbolBinario", "Utilities\Algoritmos\ArbolBinario\ArbolBinario.csproj", "{45E04271-1DEC-476F-82BD-89F2D472C324}"
EndProject
Project("{9A19103F-16F7-4668-BE54-9A1E7A4F7556}") = "Memorization", "Utilities\Algoritmos\Memorization\Memorization.csproj", "{FD1F9A9C-65AB-4FEC-90C9-970261048A21}"
EndProject
Project("{9A19103F-16F7-4668-BE54-9A1E7A4F7556}") = "ContadorPalabrasString", "Utilities\Algoritmos\ContadorPalabrasString\ContadorPalabrasString.csproj", "{22FA5EB7-CE86-402E-B058-FEE8521BF50D}"
EndProject
Project("{9A19103F-16F7-4668-BE54-9A1E7A4F7556}") = "AnalisisAperturaCierreSimbolos", "Utilities\Algoritmos\AnalisisAperturaCierreSimbolos\AnalisisAperturaCierreSimbolos.csproj", "{A4353037-464C-4F4D-9AB7-D599FC410ED4}"
EndProject
Project("{9A19103F-16F7-4668-BE54-9A1E7A4F7556}") = "CifradoCesarAritmeticaModular", "Utilities\Algoritmos\CifradoCesarAritmeticaModular\CifradoCesarAritmeticaModular.csproj", "{5BA252CD-357F-4089-B820-311DC931303E}"
EndProject
Project("{2150E333-8FDC-42A3-9474-1A3956D46DE8}") = "NoSQL", "NoSQL", "{A282EE7D-DCD5-4A74-ACAC-C202DC956DBF}"
EndProject
Project("{9A19103F-16F7-4668-BE54-9A1E7A4F7556}") = "MySqlDatabase", "BackendLibraries\Databases\ADO.NET\MySqlDatabase\MySqlDatabase.csproj", "{01C27764-8129-42F7-97DE-0D141800A5E0}"
EndProject
Project("{9A19103F-16F7-4668-BE54-9A1E7A4F7556}") = "MongoDatabase", "BackendLibraries\Databases\NoSQL\MongoDatabase\MongoDatabase.csproj", "{8BD05B3F-5978-44C6-89F0-ACEBDAE4F59F}"
EndProject
Project("{2150E333-8FDC-42A3-9474-1A3956D46DE8}") = "Patrones", "Patrones", "{42B45F15-0F7F-4DBF-B8D1-A4100028B6AF}"
EndProject
Project("{9A19103F-16F7-4668-BE54-9A1E7A4F7556}") = "Builder", "Utilities\Patrones\Builder\Builder.csproj", "{CB0505C6-1545-497B-90BA-DFC62E297436}"
EndProject
Project("{2150E333-8FDC-42A3-9474-1A3956D46DE8}") = "Creacionales", "Creacionales", "{66423642-BC56-4F7E-A6CA-67DEC7B8258C}"
EndProject
Project("{9A19103F-16F7-4668-BE54-9A1E7A4F7556}") = "FactoryMethod", "Utilities\Patrones\FactoryMethod\FactoryMethod.csproj", "{4EE9CE92-C798-4071-A070-83DE05682D15}"
EndProject
Project("{9A19103F-16F7-4668-BE54-9A1E7A4F7556}") = "AbstractMethod", "Utilities\Patrones\AbstractMethod\AbstractMethod.csproj", "{4E4EC3CB-9CC5-488D-B269-5C76881E64A4}"
EndProject
Project("{9A19103F-16F7-4668-BE54-9A1E7A4F7556}") = "Prototype", "Utilities\Patrones\Prototype\Prototype.csproj", "{255C5DF4-9D19-417B-A4E6-0A6226F81AE2}"
EndProject
Project("{9A19103F-16F7-4668-BE54-9A1E7A4F7556}") = "Singleton", "Utilities\Patrones\Singleton\Singleton.csproj", "{2DE7AD75-6D09-4902-80E0-506FA23FE0A5}"
EndProject
Project("{9A19103F-16F7-4668-BE54-9A1E7A4F7556}") = "Adapter", "Utilities\Patrones\Adapter\Adapter.csproj", "{992D8663-8887-4F15-992B-C8B3607E2B37}"
EndProject
Project("{2150E333-8FDC-42A3-9474-1A3956D46DE8}") = "Estructurales", "Estructurales", "{88ED9280-930F-4D04-A698-8B173FA65365}"
EndProject
Project("{9A19103F-16F7-4668-BE54-9A1E7A4F7556}") = "Bridge", "Utilities\Patrones\Bridge\Bridge.csproj", "{BAA43A6D-6557-4C7D-ADD8-A8045759B3DB}"
EndProject
Project("{9A19103F-16F7-4668-BE54-9A1E7A4F7556}") = "Composite", "Utilities\Patrones\Composite\Composite.csproj", "{25CCD1EC-AF8D-426C-B0A6-A4FA30D1BACC}"
EndProject
Project("{9A19103F-16F7-4668-BE54-9A1E7A4F7556}") = "Decorator", "Utilities\Patrones\Decorator\Decorator.csproj", "{B7C99DE3-ED4C-4B7F-BDD4-45C2865D7FCD}"
EndProject
Project("{9A19103F-16F7-4668-BE54-9A1E7A4F7556}") = "Facade", "Utilities\Patrones\Facade\Facade.csproj", "{7DC1D8DD-F149-4693-A97E-C72D72D9423E}"
EndProject
Project("{9A19103F-16F7-4668-BE54-9A1E7A4F7556}") = "Flyweight", "Utilities\Patrones\Flyweight\Flyweight.csproj", "{EC51F170-D562-4903-8D38-356C3EEF44DB}"
EndProject
Project("{9A19103F-16F7-4668-BE54-9A1E7A4F7556}") = "Proxy", "Utilities\Patrones\Proxy\Proxy.csproj", "{AD59C18C-E32E-4C5B-B954-C78C41A606B5}"
EndProject
Project("{2150E333-8FDC-42A3-9474-1A3956D46DE8}") = "Comportamiento", "Comportamiento", "{6BD469A3-F994-4045-BD0C-470EAD035AEA}"
EndProject
Project("{9A19103F-16F7-4668-BE54-9A1E7A4F7556}") = "ChainOfResponsability", "Utilities\Patrones\ChainOfResponsability\ChainOfResponsability.csproj", "{C792A988-7426-4612-9A83-E5746D8134EA}"
EndProject
Project("{9A19103F-16F7-4668-BE54-9A1E7A4F7556}") = "Command", "Utilities\Patrones\Command\Command.csproj", "{101DE40B-F5C7-4487-8894-2E328194A782}"
EndProject
Project("{9A19103F-16F7-4668-BE54-9A1E7A4F7556}") = "Iterator", "Utilities\Patrones\Iterator\Iterator.csproj", "{96E4B63E-F3FE-488E-B3DA-71DDD50D5A63}"
EndProject
Project("{9A19103F-16F7-4668-BE54-9A1E7A4F7556}") = "Mediator", "Utilities\Patrones\Mediator\Mediator.csproj", "{5FF6DCF0-86D6-48C0-AE9F-E3E9F22B977C}"
EndProject
Project("{9A19103F-16F7-4668-BE54-9A1E7A4F7556}") = "Memento", "Utilities\Patrones\Memento\Memento.csproj", "{14C3ACC3-2A25-4D59-BBEB-75C03411FA49}"
EndProject
Project("{9A19103F-16F7-4668-BE54-9A1E7A4F7556}") = "Observer", "Utilities\Patrones\Observer\Observer.csproj", "{F1734FDA-B89D-4B28-847F-2AE16362C772}"
EndProject
Project("{9A19103F-16F7-4668-BE54-9A1E7A4F7556}") = "State", "Utilities\Patrones\State\State.csproj", "{6A3B7BC1-D1D1-48D8-BABE-FC20C6EDD7EB}"
EndProject
Project("{9A19103F-16F7-4668-BE54-9A1E7A4F7556}") = "Strategy", "Utilities\Patrones\Strategy\Strategy.csproj", "{912AF436-0A5E-431D-8169-801F03FCFC40}"
EndProject
Project("{9A19103F-16F7-4668-BE54-9A1E7A4F7556}") = "TemplateMethod", "Utilities\Patrones\TemplateMethod\TemplateMethod.csproj", "{850F7AB7-E844-4BAF-BA97-3075E715DD0F}"
EndProject
Project("{9A19103F-16F7-4668-BE54-9A1E7A4F7556}") = "Visitor", "Utilities\Patrones\Visitor\Visitor.csproj", "{66F02877-EFD1-4831-9CD0-BEC06FB2DC80}"
EndProject
Project("{9A19103F-16F7-4668-BE54-9A1E7A4F7556}") = "InMemory", "BackendLibraries\InputOutput\InMemory\InMemory.csproj", "{DEFC05A3-C647-4858-A7D0-C712FCA50DF5}"
EndProject
Project("{9A19103F-16F7-4668-BE54-9A1E7A4F7556}") = "ParallelBenchmark", "Utilities\Benchmarks\ParallelBenchmark\ParallelBenchmark.csproj", "{D5E67CF9-F45A-4218-8EEB-5FF3857001F9}"
EndProject
Project("{9A19103F-16F7-4668-BE54-9A1E7A4F7556}") = "Caching", "BackendLibraries\Performance\Caching\Caching.csproj", "{316A3FD2-F53A-4153-A426-A56CBB3A9A81}"
EndProject
Project("{9A19103F-16F7-4668-BE54-9A1E7A4F7556}") = "HttpContextAuthentication", "Web\HttpContextAuthentication\HttpContextAuthentication.csproj", "{B7500CF1-9561-46F1-9BF5-7CA18C272016}"
EndProject
Project("{9A19103F-16F7-4668-BE54-9A1E7A4F7556}") = "PostgresqlDapper", "BackendLibraries\Databases\ORM\PostgresqlDapper\PostgresqlDapper.csproj", "{27B4C3B5-2C1D-4347-AD2E-C1B48D371745}"
EndProject
Project("{9A19103F-16F7-4668-BE54-9A1E7A4F7556}") = "SqlServerEfCore", "BackendLibraries\Databases\ORM\SqlServerEfCore\SqlServerEfCore.csproj", "{24826E94-E85E-42C1-86FB-FF70FAB697AE}"
EndProject
Project("{9A19103F-16F7-4668-BE54-9A1E7A4F7556}") = "MigrationsSqlServer", "BackendLibraries\Databases\ORM\MigrationsSqlServer\MigrationsSqlServer.csproj", "{7106B8C6-57E8-4C53-9E4A-1787F0EFEC5F}"
EndProject
Project("{2150E333-8FDC-42A3-9474-1A3956D46DE8}") = "Authentication", "Authentication", "{1199B005-272F-4DE3-A802-26807C515459}"
EndProject
Project("{2150E333-8FDC-42A3-9474-1A3956D46DE8}") = "JWT", "JWT", "{13D1BC8D-CD31-4D58-BF03-3A7E5C00C53D}"
EndProject
Project("{2150E333-8FDC-42A3-9474-1A3956D46DE8}") = "Cookie", "Cookie", "{1FF1B47B-8DB9-4ABB-B0E8-F120CEBD060B}"
EndProject
Project("{2150E333-8FDC-42A3-9474-1A3956D46DE8}") = "Identity", "Identity", "{6177943A-F1A0-4ABA-87CC-43BD275D78FE}"
EndProject
Project("{9A19103F-16F7-4668-BE54-9A1E7A4F7556}") = "IdentityServerCookie", "Web\IdentityServerCookie\IdentityServerCookie.csproj", "{7C186AEF-C9BD-4717-B83D-8676BA87445B}"
EndProject
Project("{9A19103F-16F7-4668-BE54-9A1E7A4F7556}") = "BlazorAuthenticationJWT", "Web\BlazorAuthenticationJWT\BlazorAuthenticationJWT.csproj", "{71349230-CA15-4343-A8A5-B3FD8F2E43D6}"
EndProject
Project("{2150E333-8FDC-42A3-9474-1A3956D46DE8}") = "Middlewares", "Middlewares", "{CE23AE7B-BB98-4098-ABEA-91DDD094AA65}"
EndProject
Project("{9A19103F-16F7-4668-BE54-9A1E7A4F7556}") = "MiddlewaresApi", "Web\MiddlewaresApi\MiddlewaresApi.csproj", "{C15F62E4-3AEC-48D0-8B12-31029E6687E0}"
EndProject
Project("{2150E333-8FDC-42A3-9474-1A3956D46DE8}") = "Utilities", "Utilities", "{0E7AF339-79A8-4190-84EB-B1034CFD0371}"
EndProject
Project("{2150E333-8FDC-42A3-9474-1A3956D46DE8}") = "TaskParallelLibrary", "TaskParallelLibrary", "{295E70E8-9AB3-4275-A217-71F0DCB81180}"
EndProject
Project("{9A19103F-16F7-4668-BE54-9A1E7A4F7556}") = "DeferredExecutionYield", "BackendLibraries\Performance\DeferredExecutionYield\DeferredExecutionYield.csproj", "{2084FE37-9E91-4525-A81F-18B21D149494}"
EndProject
Project("{2150E333-8FDC-42A3-9474-1A3956D46DE8}") = "Threading", "Threading", "{4DAB5BBB-5D06-4F0F-A571-719497F7780E}"
EndProject
Project("{9A19103F-16F7-4668-BE54-9A1E7A4F7556}") = "DataProtectionLibrary", "BackendLibraries\Security\DataProtectionLibrary\DataProtectionLibrary.csproj", "{C67C5DD1-FB31-4542-9E65-1926222278F7}"
EndProject
Project("{2150E333-8FDC-42A3-9474-1A3956D46DE8}") = "Logging", "Logging", "{7CC6C2B6-2077-45F7-B8C9-2E3606CC8AE7}"
EndProject
Project("{9A19103F-16F7-4668-BE54-9A1E7A4F7556}") = "SerilogLibrary", "BackendLibraries\Logging\SerilogLibrary\SerilogLibrary.csproj", "{2AEEDD02-DE87-4A6F-B722-BAE07A654879}"
EndProject
Project("{2150E333-8FDC-42A3-9474-1A3956D46DE8}") = "Mappers", "Mappers", "{4A052519-57F1-4A5A-B918-DE92B41430A1}"
EndProject
Project("{9A19103F-16F7-4668-BE54-9A1E7A4F7556}") = "AutomapperLibrary", "BackendLibraries\Mappers\AutomapperLibrary\AutomapperLibrary.csproj", "{24A2277F-4860-4376-A132-063CF18F43CA}"
EndProject
Project("{9A19103F-16F7-4668-BE54-9A1E7A4F7556}") = "MediatrLibrary", "BackendLibraries\MediatrLibrary\MediatrLibrary.csproj", "{768654CA-97DB-4F78-9DF9-F1BD6A1D4456}"
EndProject
Project("{2150E333-8FDC-42A3-9474-1A3956D46DE8}") = "Benchmarking", "Benchmarking", "{B1DD712E-52EC-4BD6-9B69-E713ED97D3F4}"
EndProject
Project("{9A19103F-16F7-4668-BE54-9A1E7A4F7556}") = "YieldBenchmark", "Utilities\Benchmarks\YieldBenchmark\YieldBenchmark.csproj", "{ADD65C6B-90B7-4CEA-9E5F-B51E98D12D3B}"
EndProject
Project("{2150E333-8FDC-42A3-9474-1A3956D46DE8}") = "Testing", "Testing", "{EDB66E67-2EC0-4EFC-8ABD-FE0F58311E31}"
EndProject
Project("{2150E333-8FDC-42A3-9474-1A3956D46DE8}") = "UnitTesting", "UnitTesting", "{F30FF9A0-3664-48F1-AF33-655067703796}"
EndProject
Project("{2150E333-8FDC-42A3-9474-1A3956D46DE8}") = "IntegrationTesting", "IntegrationTesting", "{D8F07DA8-8CF3-49DA-84B5-A0C467DE9969}"
EndProject
Project("{9A19103F-16F7-4668-BE54-9A1E7A4F7556}") = "NSubstituteLibrary", "Testing\NSubstituteLibrary\NSubstituteLibrary.csproj", "{3A73E115-C340-43CD-B61C-D04409008E6F}"
EndProject
Project("{9A19103F-16F7-4668-BE54-9A1E7A4F7556}") = "FluentAssertionsLibrary", "Testing\FluentAssertionsLibrary\FluentAssertionsLibrary.csproj", "{8B7B0DB2-5750-4966-90AB-A6E9B4ABC6C0}"
EndProject
Project("{9A19103F-16F7-4668-BE54-9A1E7A4F7556}") = "AspMvcTesting", "Testing\AspMvcTesting\AspMvcTesting.csproj", "{A77E3D19-A03B-42B6-917E-B7BFA02BD473}"
EndProject
Project("{9A19103F-16F7-4668-BE54-9A1E7A4F7556}") = "ApiToTesting", "Testing\ApiToTesting\ApiToTesting.csproj", "{8386C99B-8A96-4DA6-935D-DB14691A236E}"
EndProject
Project("{FAE04EC0-301F-11D3-BF4B-00C04F79EFBC}") = "DatabaseLibrariesBenchmark", "Utilities\Benchmarks\DatabaseLibrariesBenchmark\DatabaseLibrariesBenchmark.csproj", "{2EFACD84-97A1-4CBE-9C15-92CBFF4668AF}"
EndProject
Project("{FAE04EC0-301F-11D3-BF4B-00C04F79EFBC}") = "Calculadora", "Desktop\Gui\Calculadora\Calculadora.csproj", "{A67DCAB3-54C6-4F56-AD0D-6664DF89F95E}"
EndProject
Project("{FAE04EC0-301F-11D3-BF4B-00C04F79EFBC}") = "AplicationToExtender", "Utilities\PluginsEnApps\AplicationToExtender\AplicationToExtender.csproj", "{A1FD305E-6CA3-4BBC-B2AC-36D1933E242D}"
EndProject
Project("{FAE04EC0-301F-11D3-BF4B-00C04F79EFBC}") = "PluginEjemplo", "Utilities\PluginsEnApps\PluginEjemplo\PluginEjemplo.csproj", "{96D5971C-1720-40AE-A77F-E241A9C86495}"
EndProject
Project("{2150E333-8FDC-42A3-9474-1A3956D46DE8}") = "Extensions", "Extensions", "{5AC98EFD-A368-4F74-BDBF-2E377C2FBF21}"
EndProject
Project("{FAE04EC0-301F-11D3-BF4B-00C04F79EFBC}") = "AsyncLinq", "Utilities\Extensions\AsyncLinq\AsyncLinq.csproj", "{3A0A883F-834D-48BA-B65A-FB2284715C42}"
EndProject
Project("{FAE04EC0-301F-11D3-BF4B-00C04F79EFBC}") = "DbConnectionExtensions", "Utilities\Extensions\DbConnectionExtensions\DbConnectionExtensions.csproj", "{B50AA76A-EA14-471F-B1BB-80FAE69DE5EC}"
EndProject
Project("{FAE04EC0-301F-11D3-BF4B-00C04F79EFBC}") = "EnumExtensions", "Utilities\Extensions\EnumExtensions\EnumExtensions.csproj", "{EC47205E-9A7A-4488-A5F2-A2FFD46A32AC}"
EndProject
Project("{FAE04EC0-301F-11D3-BF4B-00C04F79EFBC}") = "Paging", "Utilities\Extensions\Paging\Paging.csproj", "{3D9CD1DE-D75A-4974-8D44-8B45DBC6BBD4}"
EndProject
Project("{FAE04EC0-301F-11D3-BF4B-00C04F79EFBC}") = "UnitOfWork", "Utilities\Extensions\UnitOfWork\UnitOfWork.csproj", "{C26E8ED4-9F8E-4222-A1C1-E6372E75C8AB}"
EndProject
Project("{FAE04EC0-301F-11D3-BF4B-00C04F79EFBC}") = "DependencyInjection", "BackendLibraries\DependencyInjection\DependencyInjection.csproj", "{FE753C87-A84D-4FB4-BFA4-E57B35CE175D}"
EndProject
Project("{FAE04EC0-301F-11D3-BF4B-00C04F79EFBC}") = "HostedService", "BackendLibraries\HostedService\HostedService.csproj", "{024A8AD6-FE56-407A-B465-33F961BAE5ED}"
EndProject
Project("{FAE04EC0-301F-11D3-BF4B-00C04F79EFBC}") = "MapperlyLibrary", "BackendLibraries\Mappers\MapperlyLibrary\MapperlyLibrary.csproj", "{3622B8D8-C83B-441D-83AD-2B92A65EA4FC}"
EndProject
Project("{FAE04EC0-301F-11D3-BF4B-00C04F79EFBC}") = "MappersBenchmark", "Utilities\Benchmarks\MappersBenchmark\MappersBenchmark.csproj", "{B9CB3388-EF30-4EF5-8FFA-09C8EE65ED56}"
EndProject
Project("{2150E333-8FDC-42A3-9474-1A3956D46DE8}") = "Pruebas", "Pruebas", "{8B03778F-4CB8-4EF3-98B2-58A5D51F13EB}"
EndProject
Project("{FAE04EC0-301F-11D3-BF4B-00C04F79EFBC}") = "HttpClientVsHttpClientFactory", "Utilities\Pruebas\HttpClientVsHttpClientFactory\HttpClientVsHttpClientFactory.csproj", "{8980500B-F3A8-4C6B-8187-F6562049C094}"
EndProject
Project("{2150E333-8FDC-42A3-9474-1A3956D46DE8}") = "Interoperabilidad", "Interoperabilidad", "{8A3FAB50-F831-4C94-8531-E01138B89D78}"
EndProject
Project("{FAE04EC0-301F-11D3-BF4B-00C04F79EFBC}") = "InteroperabilidadConAsync", "Utilities\Pruebas\InteroperabilidadConAsync\InteroperabilidadConAsync.csproj", "{FE21BFF0-70EF-4704-B4DD-5EDAA497834C}"
EndProject
Global
	GlobalSection(SolutionConfigurationPlatforms) = preSolution
		Debug|Any CPU = Debug|Any CPU
		Release|Any CPU = Release|Any CPU
	EndGlobalSection
	GlobalSection(ProjectConfigurationPlatforms) = postSolution
		{4B99397C-0463-40DF-8151-71339EB054C5}.Debug|Any CPU.ActiveCfg = Debug|Any CPU
		{4B99397C-0463-40DF-8151-71339EB054C5}.Debug|Any CPU.Build.0 = Debug|Any CPU
		{4B99397C-0463-40DF-8151-71339EB054C5}.Release|Any CPU.ActiveCfg = Release|Any CPU
		{4B99397C-0463-40DF-8151-71339EB054C5}.Release|Any CPU.Build.0 = Release|Any CPU
		{6DF40625-40BA-4AD7-8FCB-D7512DA71FFC}.Debug|Any CPU.ActiveCfg = Debug|Any CPU
		{6DF40625-40BA-4AD7-8FCB-D7512DA71FFC}.Debug|Any CPU.Build.0 = Debug|Any CPU
		{6DF40625-40BA-4AD7-8FCB-D7512DA71FFC}.Release|Any CPU.ActiveCfg = Release|Any CPU
		{6DF40625-40BA-4AD7-8FCB-D7512DA71FFC}.Release|Any CPU.Build.0 = Release|Any CPU
		{5BAFE29F-39A6-4653-8AB4-DB53A05BCA13}.Debug|Any CPU.ActiveCfg = Debug|Any CPU
		{5BAFE29F-39A6-4653-8AB4-DB53A05BCA13}.Debug|Any CPU.Build.0 = Debug|Any CPU
		{5BAFE29F-39A6-4653-8AB4-DB53A05BCA13}.Release|Any CPU.ActiveCfg = Release|Any CPU
		{5BAFE29F-39A6-4653-8AB4-DB53A05BCA13}.Release|Any CPU.Build.0 = Release|Any CPU
		{3409DFF2-5473-4ADE-9917-C7121008D7E9}.Debug|Any CPU.ActiveCfg = Debug|Any CPU
		{3409DFF2-5473-4ADE-9917-C7121008D7E9}.Debug|Any CPU.Build.0 = Debug|Any CPU
		{3409DFF2-5473-4ADE-9917-C7121008D7E9}.Release|Any CPU.ActiveCfg = Release|Any CPU
		{3409DFF2-5473-4ADE-9917-C7121008D7E9}.Release|Any CPU.Build.0 = Release|Any CPU
		{5B219BA4-1899-45AF-A36E-2E33594451A1}.Debug|Any CPU.ActiveCfg = Debug|Any CPU
		{5B219BA4-1899-45AF-A36E-2E33594451A1}.Debug|Any CPU.Build.0 = Debug|Any CPU
		{5B219BA4-1899-45AF-A36E-2E33594451A1}.Release|Any CPU.ActiveCfg = Release|Any CPU
		{5B219BA4-1899-45AF-A36E-2E33594451A1}.Release|Any CPU.Build.0 = Release|Any CPU
		{3831A28E-B7D6-45AE-BFBE-09AC4E5768E3}.Debug|Any CPU.ActiveCfg = Debug|Any CPU
		{3831A28E-B7D6-45AE-BFBE-09AC4E5768E3}.Debug|Any CPU.Build.0 = Debug|Any CPU
		{3831A28E-B7D6-45AE-BFBE-09AC4E5768E3}.Release|Any CPU.ActiveCfg = Release|Any CPU
		{3831A28E-B7D6-45AE-BFBE-09AC4E5768E3}.Release|Any CPU.Build.0 = Release|Any CPU
		{28AB039F-180A-4C8A-B20B-09CE1231777A}.Debug|Any CPU.ActiveCfg = Debug|Any CPU
		{28AB039F-180A-4C8A-B20B-09CE1231777A}.Debug|Any CPU.Build.0 = Debug|Any CPU
		{28AB039F-180A-4C8A-B20B-09CE1231777A}.Release|Any CPU.ActiveCfg = Release|Any CPU
		{28AB039F-180A-4C8A-B20B-09CE1231777A}.Release|Any CPU.Build.0 = Release|Any CPU
		{F96147E0-39A9-4B99-9C83-786E9EB80045}.Debug|Any CPU.ActiveCfg = Debug|Any CPU
		{F96147E0-39A9-4B99-9C83-786E9EB80045}.Debug|Any CPU.Build.0 = Debug|Any CPU
		{F96147E0-39A9-4B99-9C83-786E9EB80045}.Release|Any CPU.ActiveCfg = Release|Any CPU
		{F96147E0-39A9-4B99-9C83-786E9EB80045}.Release|Any CPU.Build.0 = Release|Any CPU
		{A39A5B2E-66CB-41B5-B3BA-1B39297BD5CA}.Debug|Any CPU.ActiveCfg = Debug|Any CPU
		{A39A5B2E-66CB-41B5-B3BA-1B39297BD5CA}.Debug|Any CPU.Build.0 = Debug|Any CPU
		{A39A5B2E-66CB-41B5-B3BA-1B39297BD5CA}.Release|Any CPU.ActiveCfg = Release|Any CPU
		{A39A5B2E-66CB-41B5-B3BA-1B39297BD5CA}.Release|Any CPU.Build.0 = Release|Any CPU
		{B655801E-3FB2-4726-8442-D26F0034A337}.Debug|Any CPU.ActiveCfg = Debug|Any CPU
		{B655801E-3FB2-4726-8442-D26F0034A337}.Debug|Any CPU.Build.0 = Debug|Any CPU
		{B655801E-3FB2-4726-8442-D26F0034A337}.Release|Any CPU.ActiveCfg = Release|Any CPU
		{B655801E-3FB2-4726-8442-D26F0034A337}.Release|Any CPU.Build.0 = Release|Any CPU
		{3356B93E-588A-436F-BF8C-3CBA99B953A8}.Debug|Any CPU.ActiveCfg = Debug|Any CPU
		{3356B93E-588A-436F-BF8C-3CBA99B953A8}.Debug|Any CPU.Build.0 = Debug|Any CPU
		{3356B93E-588A-436F-BF8C-3CBA99B953A8}.Release|Any CPU.ActiveCfg = Release|Any CPU
		{3356B93E-588A-436F-BF8C-3CBA99B953A8}.Release|Any CPU.Build.0 = Release|Any CPU
		{7E5689C4-44FC-4BB7-9F21-9BC19700E9D2}.Debug|Any CPU.ActiveCfg = Debug|Any CPU
		{7E5689C4-44FC-4BB7-9F21-9BC19700E9D2}.Debug|Any CPU.Build.0 = Debug|Any CPU
		{7E5689C4-44FC-4BB7-9F21-9BC19700E9D2}.Release|Any CPU.ActiveCfg = Release|Any CPU
		{7E5689C4-44FC-4BB7-9F21-9BC19700E9D2}.Release|Any CPU.Build.0 = Release|Any CPU
		{28572D7B-B794-4A93-9299-5EE67EE73CFE}.Debug|Any CPU.ActiveCfg = Debug|Any CPU
		{28572D7B-B794-4A93-9299-5EE67EE73CFE}.Debug|Any CPU.Build.0 = Debug|Any CPU
		{28572D7B-B794-4A93-9299-5EE67EE73CFE}.Release|Any CPU.ActiveCfg = Release|Any CPU
		{28572D7B-B794-4A93-9299-5EE67EE73CFE}.Release|Any CPU.Build.0 = Release|Any CPU
		{C94056E5-1799-4AFF-AC05-8A033F08EE0A}.Debug|Any CPU.ActiveCfg = Debug|Any CPU
		{C94056E5-1799-4AFF-AC05-8A033F08EE0A}.Debug|Any CPU.Build.0 = Debug|Any CPU
		{C94056E5-1799-4AFF-AC05-8A033F08EE0A}.Release|Any CPU.ActiveCfg = Release|Any CPU
		{C94056E5-1799-4AFF-AC05-8A033F08EE0A}.Release|Any CPU.Build.0 = Release|Any CPU
		{9BA2F5E7-CFEC-4671-8043-3C159EDEB3ED}.Debug|Any CPU.ActiveCfg = Debug|Any CPU
		{9BA2F5E7-CFEC-4671-8043-3C159EDEB3ED}.Debug|Any CPU.Build.0 = Debug|Any CPU
		{9BA2F5E7-CFEC-4671-8043-3C159EDEB3ED}.Release|Any CPU.ActiveCfg = Release|Any CPU
		{9BA2F5E7-CFEC-4671-8043-3C159EDEB3ED}.Release|Any CPU.Build.0 = Release|Any CPU
		{B5191F93-91B8-4868-9BA3-379937F4130C}.Debug|Any CPU.ActiveCfg = Debug|Any CPU
		{B5191F93-91B8-4868-9BA3-379937F4130C}.Debug|Any CPU.Build.0 = Debug|Any CPU
		{B5191F93-91B8-4868-9BA3-379937F4130C}.Release|Any CPU.ActiveCfg = Release|Any CPU
		{B5191F93-91B8-4868-9BA3-379937F4130C}.Release|Any CPU.Build.0 = Release|Any CPU
		{45E04271-1DEC-476F-82BD-89F2D472C324}.Debug|Any CPU.ActiveCfg = Debug|Any CPU
		{45E04271-1DEC-476F-82BD-89F2D472C324}.Debug|Any CPU.Build.0 = Debug|Any CPU
		{45E04271-1DEC-476F-82BD-89F2D472C324}.Release|Any CPU.ActiveCfg = Release|Any CPU
		{45E04271-1DEC-476F-82BD-89F2D472C324}.Release|Any CPU.Build.0 = Release|Any CPU
		{FD1F9A9C-65AB-4FEC-90C9-970261048A21}.Debug|Any CPU.ActiveCfg = Debug|Any CPU
		{FD1F9A9C-65AB-4FEC-90C9-970261048A21}.Debug|Any CPU.Build.0 = Debug|Any CPU
		{FD1F9A9C-65AB-4FEC-90C9-970261048A21}.Release|Any CPU.ActiveCfg = Release|Any CPU
		{FD1F9A9C-65AB-4FEC-90C9-970261048A21}.Release|Any CPU.Build.0 = Release|Any CPU
		{22FA5EB7-CE86-402E-B058-FEE8521BF50D}.Debug|Any CPU.ActiveCfg = Debug|Any CPU
		{22FA5EB7-CE86-402E-B058-FEE8521BF50D}.Debug|Any CPU.Build.0 = Debug|Any CPU
		{22FA5EB7-CE86-402E-B058-FEE8521BF50D}.Release|Any CPU.ActiveCfg = Release|Any CPU
		{22FA5EB7-CE86-402E-B058-FEE8521BF50D}.Release|Any CPU.Build.0 = Release|Any CPU
		{A4353037-464C-4F4D-9AB7-D599FC410ED4}.Debug|Any CPU.ActiveCfg = Debug|Any CPU
		{A4353037-464C-4F4D-9AB7-D599FC410ED4}.Debug|Any CPU.Build.0 = Debug|Any CPU
		{A4353037-464C-4F4D-9AB7-D599FC410ED4}.Release|Any CPU.ActiveCfg = Release|Any CPU
		{A4353037-464C-4F4D-9AB7-D599FC410ED4}.Release|Any CPU.Build.0 = Release|Any CPU
		{5BA252CD-357F-4089-B820-311DC931303E}.Debug|Any CPU.ActiveCfg = Debug|Any CPU
		{5BA252CD-357F-4089-B820-311DC931303E}.Debug|Any CPU.Build.0 = Debug|Any CPU
		{5BA252CD-357F-4089-B820-311DC931303E}.Release|Any CPU.ActiveCfg = Release|Any CPU
		{5BA252CD-357F-4089-B820-311DC931303E}.Release|Any CPU.Build.0 = Release|Any CPU
		{01C27764-8129-42F7-97DE-0D141800A5E0}.Debug|Any CPU.ActiveCfg = Debug|Any CPU
		{01C27764-8129-42F7-97DE-0D141800A5E0}.Debug|Any CPU.Build.0 = Debug|Any CPU
		{01C27764-8129-42F7-97DE-0D141800A5E0}.Release|Any CPU.ActiveCfg = Release|Any CPU
		{01C27764-8129-42F7-97DE-0D141800A5E0}.Release|Any CPU.Build.0 = Release|Any CPU
		{8BD05B3F-5978-44C6-89F0-ACEBDAE4F59F}.Debug|Any CPU.ActiveCfg = Debug|Any CPU
		{8BD05B3F-5978-44C6-89F0-ACEBDAE4F59F}.Debug|Any CPU.Build.0 = Debug|Any CPU
		{8BD05B3F-5978-44C6-89F0-ACEBDAE4F59F}.Release|Any CPU.ActiveCfg = Release|Any CPU
		{8BD05B3F-5978-44C6-89F0-ACEBDAE4F59F}.Release|Any CPU.Build.0 = Release|Any CPU
		{CB0505C6-1545-497B-90BA-DFC62E297436}.Debug|Any CPU.ActiveCfg = Debug|Any CPU
		{CB0505C6-1545-497B-90BA-DFC62E297436}.Debug|Any CPU.Build.0 = Debug|Any CPU
		{CB0505C6-1545-497B-90BA-DFC62E297436}.Release|Any CPU.ActiveCfg = Release|Any CPU
		{CB0505C6-1545-497B-90BA-DFC62E297436}.Release|Any CPU.Build.0 = Release|Any CPU
		{4EE9CE92-C798-4071-A070-83DE05682D15}.Debug|Any CPU.ActiveCfg = Debug|Any CPU
		{4EE9CE92-C798-4071-A070-83DE05682D15}.Debug|Any CPU.Build.0 = Debug|Any CPU
		{4EE9CE92-C798-4071-A070-83DE05682D15}.Release|Any CPU.ActiveCfg = Release|Any CPU
		{4EE9CE92-C798-4071-A070-83DE05682D15}.Release|Any CPU.Build.0 = Release|Any CPU
		{4E4EC3CB-9CC5-488D-B269-5C76881E64A4}.Debug|Any CPU.ActiveCfg = Debug|Any CPU
		{4E4EC3CB-9CC5-488D-B269-5C76881E64A4}.Debug|Any CPU.Build.0 = Debug|Any CPU
		{4E4EC3CB-9CC5-488D-B269-5C76881E64A4}.Release|Any CPU.ActiveCfg = Release|Any CPU
		{4E4EC3CB-9CC5-488D-B269-5C76881E64A4}.Release|Any CPU.Build.0 = Release|Any CPU
		{255C5DF4-9D19-417B-A4E6-0A6226F81AE2}.Debug|Any CPU.ActiveCfg = Debug|Any CPU
		{255C5DF4-9D19-417B-A4E6-0A6226F81AE2}.Debug|Any CPU.Build.0 = Debug|Any CPU
		{255C5DF4-9D19-417B-A4E6-0A6226F81AE2}.Release|Any CPU.ActiveCfg = Release|Any CPU
		{255C5DF4-9D19-417B-A4E6-0A6226F81AE2}.Release|Any CPU.Build.0 = Release|Any CPU
		{2DE7AD75-6D09-4902-80E0-506FA23FE0A5}.Debug|Any CPU.ActiveCfg = Debug|Any CPU
		{2DE7AD75-6D09-4902-80E0-506FA23FE0A5}.Debug|Any CPU.Build.0 = Debug|Any CPU
		{2DE7AD75-6D09-4902-80E0-506FA23FE0A5}.Release|Any CPU.ActiveCfg = Release|Any CPU
		{2DE7AD75-6D09-4902-80E0-506FA23FE0A5}.Release|Any CPU.Build.0 = Release|Any CPU
		{992D8663-8887-4F15-992B-C8B3607E2B37}.Debug|Any CPU.ActiveCfg = Debug|Any CPU
		{992D8663-8887-4F15-992B-C8B3607E2B37}.Debug|Any CPU.Build.0 = Debug|Any CPU
		{992D8663-8887-4F15-992B-C8B3607E2B37}.Release|Any CPU.ActiveCfg = Release|Any CPU
		{992D8663-8887-4F15-992B-C8B3607E2B37}.Release|Any CPU.Build.0 = Release|Any CPU
		{BAA43A6D-6557-4C7D-ADD8-A8045759B3DB}.Debug|Any CPU.ActiveCfg = Debug|Any CPU
		{BAA43A6D-6557-4C7D-ADD8-A8045759B3DB}.Debug|Any CPU.Build.0 = Debug|Any CPU
		{BAA43A6D-6557-4C7D-ADD8-A8045759B3DB}.Release|Any CPU.ActiveCfg = Release|Any CPU
		{BAA43A6D-6557-4C7D-ADD8-A8045759B3DB}.Release|Any CPU.Build.0 = Release|Any CPU
		{25CCD1EC-AF8D-426C-B0A6-A4FA30D1BACC}.Debug|Any CPU.ActiveCfg = Debug|Any CPU
		{25CCD1EC-AF8D-426C-B0A6-A4FA30D1BACC}.Debug|Any CPU.Build.0 = Debug|Any CPU
		{25CCD1EC-AF8D-426C-B0A6-A4FA30D1BACC}.Release|Any CPU.ActiveCfg = Release|Any CPU
		{25CCD1EC-AF8D-426C-B0A6-A4FA30D1BACC}.Release|Any CPU.Build.0 = Release|Any CPU
		{B7C99DE3-ED4C-4B7F-BDD4-45C2865D7FCD}.Debug|Any CPU.ActiveCfg = Debug|Any CPU
		{B7C99DE3-ED4C-4B7F-BDD4-45C2865D7FCD}.Debug|Any CPU.Build.0 = Debug|Any CPU
		{B7C99DE3-ED4C-4B7F-BDD4-45C2865D7FCD}.Release|Any CPU.ActiveCfg = Release|Any CPU
		{B7C99DE3-ED4C-4B7F-BDD4-45C2865D7FCD}.Release|Any CPU.Build.0 = Release|Any CPU
		{7DC1D8DD-F149-4693-A97E-C72D72D9423E}.Debug|Any CPU.ActiveCfg = Debug|Any CPU
		{7DC1D8DD-F149-4693-A97E-C72D72D9423E}.Debug|Any CPU.Build.0 = Debug|Any CPU
		{7DC1D8DD-F149-4693-A97E-C72D72D9423E}.Release|Any CPU.ActiveCfg = Release|Any CPU
		{7DC1D8DD-F149-4693-A97E-C72D72D9423E}.Release|Any CPU.Build.0 = Release|Any CPU
		{EC51F170-D562-4903-8D38-356C3EEF44DB}.Debug|Any CPU.ActiveCfg = Debug|Any CPU
		{EC51F170-D562-4903-8D38-356C3EEF44DB}.Debug|Any CPU.Build.0 = Debug|Any CPU
		{EC51F170-D562-4903-8D38-356C3EEF44DB}.Release|Any CPU.ActiveCfg = Release|Any CPU
		{EC51F170-D562-4903-8D38-356C3EEF44DB}.Release|Any CPU.Build.0 = Release|Any CPU
		{AD59C18C-E32E-4C5B-B954-C78C41A606B5}.Debug|Any CPU.ActiveCfg = Debug|Any CPU
		{AD59C18C-E32E-4C5B-B954-C78C41A606B5}.Debug|Any CPU.Build.0 = Debug|Any CPU
		{AD59C18C-E32E-4C5B-B954-C78C41A606B5}.Release|Any CPU.ActiveCfg = Release|Any CPU
		{AD59C18C-E32E-4C5B-B954-C78C41A606B5}.Release|Any CPU.Build.0 = Release|Any CPU
		{C792A988-7426-4612-9A83-E5746D8134EA}.Debug|Any CPU.ActiveCfg = Debug|Any CPU
		{C792A988-7426-4612-9A83-E5746D8134EA}.Debug|Any CPU.Build.0 = Debug|Any CPU
		{C792A988-7426-4612-9A83-E5746D8134EA}.Release|Any CPU.ActiveCfg = Release|Any CPU
		{C792A988-7426-4612-9A83-E5746D8134EA}.Release|Any CPU.Build.0 = Release|Any CPU
		{101DE40B-F5C7-4487-8894-2E328194A782}.Debug|Any CPU.ActiveCfg = Debug|Any CPU
		{101DE40B-F5C7-4487-8894-2E328194A782}.Debug|Any CPU.Build.0 = Debug|Any CPU
		{101DE40B-F5C7-4487-8894-2E328194A782}.Release|Any CPU.ActiveCfg = Release|Any CPU
		{101DE40B-F5C7-4487-8894-2E328194A782}.Release|Any CPU.Build.0 = Release|Any CPU
		{96E4B63E-F3FE-488E-B3DA-71DDD50D5A63}.Debug|Any CPU.ActiveCfg = Debug|Any CPU
		{96E4B63E-F3FE-488E-B3DA-71DDD50D5A63}.Debug|Any CPU.Build.0 = Debug|Any CPU
		{96E4B63E-F3FE-488E-B3DA-71DDD50D5A63}.Release|Any CPU.ActiveCfg = Release|Any CPU
		{96E4B63E-F3FE-488E-B3DA-71DDD50D5A63}.Release|Any CPU.Build.0 = Release|Any CPU
		{5FF6DCF0-86D6-48C0-AE9F-E3E9F22B977C}.Debug|Any CPU.ActiveCfg = Debug|Any CPU
		{5FF6DCF0-86D6-48C0-AE9F-E3E9F22B977C}.Debug|Any CPU.Build.0 = Debug|Any CPU
		{5FF6DCF0-86D6-48C0-AE9F-E3E9F22B977C}.Release|Any CPU.ActiveCfg = Release|Any CPU
		{5FF6DCF0-86D6-48C0-AE9F-E3E9F22B977C}.Release|Any CPU.Build.0 = Release|Any CPU
		{14C3ACC3-2A25-4D59-BBEB-75C03411FA49}.Debug|Any CPU.ActiveCfg = Debug|Any CPU
		{14C3ACC3-2A25-4D59-BBEB-75C03411FA49}.Debug|Any CPU.Build.0 = Debug|Any CPU
		{14C3ACC3-2A25-4D59-BBEB-75C03411FA49}.Release|Any CPU.ActiveCfg = Release|Any CPU
		{14C3ACC3-2A25-4D59-BBEB-75C03411FA49}.Release|Any CPU.Build.0 = Release|Any CPU
		{F1734FDA-B89D-4B28-847F-2AE16362C772}.Debug|Any CPU.ActiveCfg = Debug|Any CPU
		{F1734FDA-B89D-4B28-847F-2AE16362C772}.Debug|Any CPU.Build.0 = Debug|Any CPU
		{F1734FDA-B89D-4B28-847F-2AE16362C772}.Release|Any CPU.ActiveCfg = Release|Any CPU
		{F1734FDA-B89D-4B28-847F-2AE16362C772}.Release|Any CPU.Build.0 = Release|Any CPU
		{6A3B7BC1-D1D1-48D8-BABE-FC20C6EDD7EB}.Debug|Any CPU.ActiveCfg = Debug|Any CPU
		{6A3B7BC1-D1D1-48D8-BABE-FC20C6EDD7EB}.Debug|Any CPU.Build.0 = Debug|Any CPU
		{6A3B7BC1-D1D1-48D8-BABE-FC20C6EDD7EB}.Release|Any CPU.ActiveCfg = Release|Any CPU
		{6A3B7BC1-D1D1-48D8-BABE-FC20C6EDD7EB}.Release|Any CPU.Build.0 = Release|Any CPU
		{912AF436-0A5E-431D-8169-801F03FCFC40}.Debug|Any CPU.ActiveCfg = Debug|Any CPU
		{912AF436-0A5E-431D-8169-801F03FCFC40}.Debug|Any CPU.Build.0 = Debug|Any CPU
		{912AF436-0A5E-431D-8169-801F03FCFC40}.Release|Any CPU.ActiveCfg = Release|Any CPU
		{912AF436-0A5E-431D-8169-801F03FCFC40}.Release|Any CPU.Build.0 = Release|Any CPU
		{850F7AB7-E844-4BAF-BA97-3075E715DD0F}.Debug|Any CPU.ActiveCfg = Debug|Any CPU
		{850F7AB7-E844-4BAF-BA97-3075E715DD0F}.Debug|Any CPU.Build.0 = Debug|Any CPU
		{850F7AB7-E844-4BAF-BA97-3075E715DD0F}.Release|Any CPU.ActiveCfg = Release|Any CPU
		{850F7AB7-E844-4BAF-BA97-3075E715DD0F}.Release|Any CPU.Build.0 = Release|Any CPU
		{66F02877-EFD1-4831-9CD0-BEC06FB2DC80}.Debug|Any CPU.ActiveCfg = Debug|Any CPU
		{66F02877-EFD1-4831-9CD0-BEC06FB2DC80}.Debug|Any CPU.Build.0 = Debug|Any CPU
		{66F02877-EFD1-4831-9CD0-BEC06FB2DC80}.Release|Any CPU.ActiveCfg = Release|Any CPU
		{66F02877-EFD1-4831-9CD0-BEC06FB2DC80}.Release|Any CPU.Build.0 = Release|Any CPU
		{DEFC05A3-C647-4858-A7D0-C712FCA50DF5}.Debug|Any CPU.ActiveCfg = Debug|Any CPU
		{DEFC05A3-C647-4858-A7D0-C712FCA50DF5}.Debug|Any CPU.Build.0 = Debug|Any CPU
		{DEFC05A3-C647-4858-A7D0-C712FCA50DF5}.Release|Any CPU.ActiveCfg = Release|Any CPU
		{DEFC05A3-C647-4858-A7D0-C712FCA50DF5}.Release|Any CPU.Build.0 = Release|Any CPU
		{D5E67CF9-F45A-4218-8EEB-5FF3857001F9}.Debug|Any CPU.ActiveCfg = Debug|Any CPU
		{D5E67CF9-F45A-4218-8EEB-5FF3857001F9}.Debug|Any CPU.Build.0 = Debug|Any CPU
		{D5E67CF9-F45A-4218-8EEB-5FF3857001F9}.Release|Any CPU.ActiveCfg = Release|Any CPU
		{D5E67CF9-F45A-4218-8EEB-5FF3857001F9}.Release|Any CPU.Build.0 = Release|Any CPU
		{316A3FD2-F53A-4153-A426-A56CBB3A9A81}.Debug|Any CPU.ActiveCfg = Debug|Any CPU
		{316A3FD2-F53A-4153-A426-A56CBB3A9A81}.Debug|Any CPU.Build.0 = Debug|Any CPU
		{316A3FD2-F53A-4153-A426-A56CBB3A9A81}.Release|Any CPU.ActiveCfg = Release|Any CPU
		{316A3FD2-F53A-4153-A426-A56CBB3A9A81}.Release|Any CPU.Build.0 = Release|Any CPU
		{B7500CF1-9561-46F1-9BF5-7CA18C272016}.Debug|Any CPU.ActiveCfg = Debug|Any CPU
		{B7500CF1-9561-46F1-9BF5-7CA18C272016}.Debug|Any CPU.Build.0 = Debug|Any CPU
		{B7500CF1-9561-46F1-9BF5-7CA18C272016}.Release|Any CPU.ActiveCfg = Release|Any CPU
		{B7500CF1-9561-46F1-9BF5-7CA18C272016}.Release|Any CPU.Build.0 = Release|Any CPU
		{27B4C3B5-2C1D-4347-AD2E-C1B48D371745}.Debug|Any CPU.ActiveCfg = Debug|Any CPU
		{27B4C3B5-2C1D-4347-AD2E-C1B48D371745}.Debug|Any CPU.Build.0 = Debug|Any CPU
		{27B4C3B5-2C1D-4347-AD2E-C1B48D371745}.Release|Any CPU.ActiveCfg = Release|Any CPU
		{27B4C3B5-2C1D-4347-AD2E-C1B48D371745}.Release|Any CPU.Build.0 = Release|Any CPU
		{24826E94-E85E-42C1-86FB-FF70FAB697AE}.Debug|Any CPU.ActiveCfg = Debug|Any CPU
		{24826E94-E85E-42C1-86FB-FF70FAB697AE}.Debug|Any CPU.Build.0 = Debug|Any CPU
		{24826E94-E85E-42C1-86FB-FF70FAB697AE}.Release|Any CPU.ActiveCfg = Release|Any CPU
		{24826E94-E85E-42C1-86FB-FF70FAB697AE}.Release|Any CPU.Build.0 = Release|Any CPU
		{7106B8C6-57E8-4C53-9E4A-1787F0EFEC5F}.Debug|Any CPU.ActiveCfg = Debug|Any CPU
		{7106B8C6-57E8-4C53-9E4A-1787F0EFEC5F}.Debug|Any CPU.Build.0 = Debug|Any CPU
		{7106B8C6-57E8-4C53-9E4A-1787F0EFEC5F}.Release|Any CPU.ActiveCfg = Release|Any CPU
		{7106B8C6-57E8-4C53-9E4A-1787F0EFEC5F}.Release|Any CPU.Build.0 = Release|Any CPU
		{7C186AEF-C9BD-4717-B83D-8676BA87445B}.Debug|Any CPU.ActiveCfg = Debug|Any CPU
		{7C186AEF-C9BD-4717-B83D-8676BA87445B}.Debug|Any CPU.Build.0 = Debug|Any CPU
		{7C186AEF-C9BD-4717-B83D-8676BA87445B}.Release|Any CPU.ActiveCfg = Release|Any CPU
		{7C186AEF-C9BD-4717-B83D-8676BA87445B}.Release|Any CPU.Build.0 = Release|Any CPU
		{71349230-CA15-4343-A8A5-B3FD8F2E43D6}.Debug|Any CPU.ActiveCfg = Debug|Any CPU
		{71349230-CA15-4343-A8A5-B3FD8F2E43D6}.Debug|Any CPU.Build.0 = Debug|Any CPU
		{71349230-CA15-4343-A8A5-B3FD8F2E43D6}.Release|Any CPU.ActiveCfg = Release|Any CPU
		{71349230-CA15-4343-A8A5-B3FD8F2E43D6}.Release|Any CPU.Build.0 = Release|Any CPU
		{C15F62E4-3AEC-48D0-8B12-31029E6687E0}.Debug|Any CPU.ActiveCfg = Debug|Any CPU
		{C15F62E4-3AEC-48D0-8B12-31029E6687E0}.Debug|Any CPU.Build.0 = Debug|Any CPU
		{C15F62E4-3AEC-48D0-8B12-31029E6687E0}.Release|Any CPU.ActiveCfg = Release|Any CPU
		{C15F62E4-3AEC-48D0-8B12-31029E6687E0}.Release|Any CPU.Build.0 = Release|Any CPU
		{2084FE37-9E91-4525-A81F-18B21D149494}.Debug|Any CPU.ActiveCfg = Debug|Any CPU
		{2084FE37-9E91-4525-A81F-18B21D149494}.Debug|Any CPU.Build.0 = Debug|Any CPU
		{2084FE37-9E91-4525-A81F-18B21D149494}.Release|Any CPU.ActiveCfg = Release|Any CPU
		{2084FE37-9E91-4525-A81F-18B21D149494}.Release|Any CPU.Build.0 = Release|Any CPU
		{C67C5DD1-FB31-4542-9E65-1926222278F7}.Debug|Any CPU.ActiveCfg = Debug|Any CPU
		{C67C5DD1-FB31-4542-9E65-1926222278F7}.Debug|Any CPU.Build.0 = Debug|Any CPU
		{C67C5DD1-FB31-4542-9E65-1926222278F7}.Release|Any CPU.ActiveCfg = Release|Any CPU
		{C67C5DD1-FB31-4542-9E65-1926222278F7}.Release|Any CPU.Build.0 = Release|Any CPU
		{2AEEDD02-DE87-4A6F-B722-BAE07A654879}.Debug|Any CPU.ActiveCfg = Debug|Any CPU
		{2AEEDD02-DE87-4A6F-B722-BAE07A654879}.Debug|Any CPU.Build.0 = Debug|Any CPU
		{2AEEDD02-DE87-4A6F-B722-BAE07A654879}.Release|Any CPU.ActiveCfg = Release|Any CPU
		{2AEEDD02-DE87-4A6F-B722-BAE07A654879}.Release|Any CPU.Build.0 = Release|Any CPU
		{24A2277F-4860-4376-A132-063CF18F43CA}.Debug|Any CPU.ActiveCfg = Debug|Any CPU
		{24A2277F-4860-4376-A132-063CF18F43CA}.Debug|Any CPU.Build.0 = Debug|Any CPU
		{24A2277F-4860-4376-A132-063CF18F43CA}.Release|Any CPU.ActiveCfg = Release|Any CPU
		{24A2277F-4860-4376-A132-063CF18F43CA}.Release|Any CPU.Build.0 = Release|Any CPU
		{768654CA-97DB-4F78-9DF9-F1BD6A1D4456}.Debug|Any CPU.ActiveCfg = Debug|Any CPU
		{768654CA-97DB-4F78-9DF9-F1BD6A1D4456}.Debug|Any CPU.Build.0 = Debug|Any CPU
		{768654CA-97DB-4F78-9DF9-F1BD6A1D4456}.Release|Any CPU.ActiveCfg = Release|Any CPU
		{768654CA-97DB-4F78-9DF9-F1BD6A1D4456}.Release|Any CPU.Build.0 = Release|Any CPU
		{ADD65C6B-90B7-4CEA-9E5F-B51E98D12D3B}.Debug|Any CPU.ActiveCfg = Debug|Any CPU
		{ADD65C6B-90B7-4CEA-9E5F-B51E98D12D3B}.Debug|Any CPU.Build.0 = Debug|Any CPU
		{ADD65C6B-90B7-4CEA-9E5F-B51E98D12D3B}.Release|Any CPU.ActiveCfg = Release|Any CPU
		{ADD65C6B-90B7-4CEA-9E5F-B51E98D12D3B}.Release|Any CPU.Build.0 = Release|Any CPU
		{3A73E115-C340-43CD-B61C-D04409008E6F}.Debug|Any CPU.ActiveCfg = Debug|Any CPU
		{3A73E115-C340-43CD-B61C-D04409008E6F}.Debug|Any CPU.Build.0 = Debug|Any CPU
		{3A73E115-C340-43CD-B61C-D04409008E6F}.Release|Any CPU.ActiveCfg = Release|Any CPU
		{3A73E115-C340-43CD-B61C-D04409008E6F}.Release|Any CPU.Build.0 = Release|Any CPU
		{8B7B0DB2-5750-4966-90AB-A6E9B4ABC6C0}.Debug|Any CPU.ActiveCfg = Debug|Any CPU
		{8B7B0DB2-5750-4966-90AB-A6E9B4ABC6C0}.Debug|Any CPU.Build.0 = Debug|Any CPU
		{8B7B0DB2-5750-4966-90AB-A6E9B4ABC6C0}.Release|Any CPU.ActiveCfg = Release|Any CPU
		{8B7B0DB2-5750-4966-90AB-A6E9B4ABC6C0}.Release|Any CPU.Build.0 = Release|Any CPU
		{A77E3D19-A03B-42B6-917E-B7BFA02BD473}.Debug|Any CPU.ActiveCfg = Debug|Any CPU
		{A77E3D19-A03B-42B6-917E-B7BFA02BD473}.Debug|Any CPU.Build.0 = Debug|Any CPU
		{A77E3D19-A03B-42B6-917E-B7BFA02BD473}.Release|Any CPU.ActiveCfg = Release|Any CPU
		{A77E3D19-A03B-42B6-917E-B7BFA02BD473}.Release|Any CPU.Build.0 = Release|Any CPU
		{8386C99B-8A96-4DA6-935D-DB14691A236E}.Debug|Any CPU.ActiveCfg = Debug|Any CPU
		{8386C99B-8A96-4DA6-935D-DB14691A236E}.Debug|Any CPU.Build.0 = Debug|Any CPU
		{8386C99B-8A96-4DA6-935D-DB14691A236E}.Release|Any CPU.ActiveCfg = Release|Any CPU
		{8386C99B-8A96-4DA6-935D-DB14691A236E}.Release|Any CPU.Build.0 = Release|Any CPU
		{2EFACD84-97A1-4CBE-9C15-92CBFF4668AF}.Debug|Any CPU.ActiveCfg = Debug|Any CPU
		{2EFACD84-97A1-4CBE-9C15-92CBFF4668AF}.Debug|Any CPU.Build.0 = Debug|Any CPU
		{2EFACD84-97A1-4CBE-9C15-92CBFF4668AF}.Release|Any CPU.ActiveCfg = Release|Any CPU
		{2EFACD84-97A1-4CBE-9C15-92CBFF4668AF}.Release|Any CPU.Build.0 = Release|Any CPU
		{A67DCAB3-54C6-4F56-AD0D-6664DF89F95E}.Debug|Any CPU.ActiveCfg = Debug|Any CPU
		{A67DCAB3-54C6-4F56-AD0D-6664DF89F95E}.Debug|Any CPU.Build.0 = Debug|Any CPU
		{A67DCAB3-54C6-4F56-AD0D-6664DF89F95E}.Release|Any CPU.ActiveCfg = Release|Any CPU
		{A67DCAB3-54C6-4F56-AD0D-6664DF89F95E}.Release|Any CPU.Build.0 = Release|Any CPU
		{A1FD305E-6CA3-4BBC-B2AC-36D1933E242D}.Debug|Any CPU.ActiveCfg = Debug|Any CPU
		{A1FD305E-6CA3-4BBC-B2AC-36D1933E242D}.Debug|Any CPU.Build.0 = Debug|Any CPU
		{A1FD305E-6CA3-4BBC-B2AC-36D1933E242D}.Release|Any CPU.ActiveCfg = Release|Any CPU
		{A1FD305E-6CA3-4BBC-B2AC-36D1933E242D}.Release|Any CPU.Build.0 = Release|Any CPU
		{96D5971C-1720-40AE-A77F-E241A9C86495}.Debug|Any CPU.ActiveCfg = Debug|Any CPU
		{96D5971C-1720-40AE-A77F-E241A9C86495}.Debug|Any CPU.Build.0 = Debug|Any CPU
		{96D5971C-1720-40AE-A77F-E241A9C86495}.Release|Any CPU.ActiveCfg = Release|Any CPU
		{96D5971C-1720-40AE-A77F-E241A9C86495}.Release|Any CPU.Build.0 = Release|Any CPU
		{3A0A883F-834D-48BA-B65A-FB2284715C42}.Debug|Any CPU.ActiveCfg = Debug|Any CPU
		{3A0A883F-834D-48BA-B65A-FB2284715C42}.Debug|Any CPU.Build.0 = Debug|Any CPU
		{3A0A883F-834D-48BA-B65A-FB2284715C42}.Release|Any CPU.ActiveCfg = Release|Any CPU
		{3A0A883F-834D-48BA-B65A-FB2284715C42}.Release|Any CPU.Build.0 = Release|Any CPU
		{B50AA76A-EA14-471F-B1BB-80FAE69DE5EC}.Debug|Any CPU.ActiveCfg = Debug|Any CPU
		{B50AA76A-EA14-471F-B1BB-80FAE69DE5EC}.Debug|Any CPU.Build.0 = Debug|Any CPU
		{B50AA76A-EA14-471F-B1BB-80FAE69DE5EC}.Release|Any CPU.ActiveCfg = Release|Any CPU
		{B50AA76A-EA14-471F-B1BB-80FAE69DE5EC}.Release|Any CPU.Build.0 = Release|Any CPU
		{EC47205E-9A7A-4488-A5F2-A2FFD46A32AC}.Debug|Any CPU.ActiveCfg = Debug|Any CPU
		{EC47205E-9A7A-4488-A5F2-A2FFD46A32AC}.Debug|Any CPU.Build.0 = Debug|Any CPU
		{EC47205E-9A7A-4488-A5F2-A2FFD46A32AC}.Release|Any CPU.ActiveCfg = Release|Any CPU
		{EC47205E-9A7A-4488-A5F2-A2FFD46A32AC}.Release|Any CPU.Build.0 = Release|Any CPU
		{3D9CD1DE-D75A-4974-8D44-8B45DBC6BBD4}.Debug|Any CPU.ActiveCfg = Debug|Any CPU
		{3D9CD1DE-D75A-4974-8D44-8B45DBC6BBD4}.Debug|Any CPU.Build.0 = Debug|Any CPU
		{3D9CD1DE-D75A-4974-8D44-8B45DBC6BBD4}.Release|Any CPU.ActiveCfg = Release|Any CPU
		{3D9CD1DE-D75A-4974-8D44-8B45DBC6BBD4}.Release|Any CPU.Build.0 = Release|Any CPU
		{C26E8ED4-9F8E-4222-A1C1-E6372E75C8AB}.Debug|Any CPU.ActiveCfg = Debug|Any CPU
		{C26E8ED4-9F8E-4222-A1C1-E6372E75C8AB}.Debug|Any CPU.Build.0 = Debug|Any CPU
		{C26E8ED4-9F8E-4222-A1C1-E6372E75C8AB}.Release|Any CPU.ActiveCfg = Release|Any CPU
		{C26E8ED4-9F8E-4222-A1C1-E6372E75C8AB}.Release|Any CPU.Build.0 = Release|Any CPU
		{FE753C87-A84D-4FB4-BFA4-E57B35CE175D}.Debug|Any CPU.ActiveCfg = Debug|Any CPU
		{FE753C87-A84D-4FB4-BFA4-E57B35CE175D}.Debug|Any CPU.Build.0 = Debug|Any CPU
		{FE753C87-A84D-4FB4-BFA4-E57B35CE175D}.Release|Any CPU.ActiveCfg = Release|Any CPU
		{FE753C87-A84D-4FB4-BFA4-E57B35CE175D}.Release|Any CPU.Build.0 = Release|Any CPU
		{024A8AD6-FE56-407A-B465-33F961BAE5ED}.Debug|Any CPU.ActiveCfg = Debug|Any CPU
		{024A8AD6-FE56-407A-B465-33F961BAE5ED}.Debug|Any CPU.Build.0 = Debug|Any CPU
		{024A8AD6-FE56-407A-B465-33F961BAE5ED}.Release|Any CPU.ActiveCfg = Release|Any CPU
		{024A8AD6-FE56-407A-B465-33F961BAE5ED}.Release|Any CPU.Build.0 = Release|Any CPU
		{3622B8D8-C83B-441D-83AD-2B92A65EA4FC}.Debug|Any CPU.ActiveCfg = Debug|Any CPU
		{3622B8D8-C83B-441D-83AD-2B92A65EA4FC}.Debug|Any CPU.Build.0 = Debug|Any CPU
		{3622B8D8-C83B-441D-83AD-2B92A65EA4FC}.Release|Any CPU.ActiveCfg = Release|Any CPU
		{3622B8D8-C83B-441D-83AD-2B92A65EA4FC}.Release|Any CPU.Build.0 = Release|Any CPU
		{B9CB3388-EF30-4EF5-8FFA-09C8EE65ED56}.Debug|Any CPU.ActiveCfg = Debug|Any CPU
		{B9CB3388-EF30-4EF5-8FFA-09C8EE65ED56}.Debug|Any CPU.Build.0 = Debug|Any CPU
		{B9CB3388-EF30-4EF5-8FFA-09C8EE65ED56}.Release|Any CPU.ActiveCfg = Release|Any CPU
		{B9CB3388-EF30-4EF5-8FFA-09C8EE65ED56}.Release|Any CPU.Build.0 = Release|Any CPU
		{8980500B-F3A8-4C6B-8187-F6562049C094}.Debug|Any CPU.ActiveCfg = Debug|Any CPU
		{8980500B-F3A8-4C6B-8187-F6562049C094}.Debug|Any CPU.Build.0 = Debug|Any CPU
		{8980500B-F3A8-4C6B-8187-F6562049C094}.Release|Any CPU.ActiveCfg = Release|Any CPU
		{8980500B-F3A8-4C6B-8187-F6562049C094}.Release|Any CPU.Build.0 = Release|Any CPU
		{FE21BFF0-70EF-4704-B4DD-5EDAA497834C}.Debug|Any CPU.ActiveCfg = Debug|Any CPU
		{FE21BFF0-70EF-4704-B4DD-5EDAA497834C}.Debug|Any CPU.Build.0 = Debug|Any CPU
		{FE21BFF0-70EF-4704-B4DD-5EDAA497834C}.Release|Any CPU.ActiveCfg = Release|Any CPU
		{FE21BFF0-70EF-4704-B4DD-5EDAA497834C}.Release|Any CPU.Build.0 = Release|Any CPU
	EndGlobalSection
	GlobalSection(SolutionProperties) = preSolution
		HideSolutionNode = FALSE
	EndGlobalSection
	GlobalSection(NestedProjects) = preSolution
		{4B99397C-0463-40DF-8151-71339EB054C5} = {2BAD429E-8340-4392-8BE0-CFBE712E7623}
		{0668E463-2FB9-4D83-8FD5-BABAF6E85BDB} = {8FC77051-A10F-47B7-99C0-44F9EA5ABABE}
		{2BAD429E-8340-4392-8BE0-CFBE712E7623} = {8FC77051-A10F-47B7-99C0-44F9EA5ABABE}
		{6FF492B8-DC9B-4E6E-A8F5-BE4685D006EE} = {0E7AF339-79A8-4190-84EB-B1034CFD0371}
		{6DF40625-40BA-4AD7-8FCB-D7512DA71FFC} = {6FF492B8-DC9B-4E6E-A8F5-BE4685D006EE}
		{CAF6C396-AE23-4A29-A4A3-F7393F380606} = {261ED94F-5197-460B-9B6F-C3E0802193F7}
		{BCE6B57D-2CBF-4B5D-A80C-91B21D367B58} = {261ED94F-5197-460B-9B6F-C3E0802193F7}
		{DB77C912-4342-4B9D-93B3-21824168953D} = {261ED94F-5197-460B-9B6F-C3E0802193F7}
		{62AE01BE-B705-4CFE-BB94-4EFA8AD5D640} = {261ED94F-5197-460B-9B6F-C3E0802193F7}
		{EDEC32C5-5646-4581-83F4-0BAC65CD4E61} = {261ED94F-5197-460B-9B6F-C3E0802193F7}
		{93BD8A34-DE33-4476-97D2-19A084BD4A48} = {9F482526-4BE5-432B-867D-12DB99E95A74}
		{5BAFE29F-39A6-4653-8AB4-DB53A05BCA13} = {295E70E8-9AB3-4275-A217-71F0DCB81180}
		{3409DFF2-5473-4ADE-9917-C7121008D7E9} = {295E70E8-9AB3-4275-A217-71F0DCB81180}
		{5B219BA4-1899-45AF-A36E-2E33594451A1} = {4DAB5BBB-5D06-4F0F-A571-719497F7780E}
		{9F482526-4BE5-432B-867D-12DB99E95A74} = {CAF6C396-AE23-4A29-A4A3-F7393F380606}
		{351EE22A-AC96-4520-B181-E03755B9D04F} = {CAF6C396-AE23-4A29-A4A3-F7393F380606}
		{3831A28E-B7D6-45AE-BFBE-09AC4E5768E3} = {1BBC0F6D-4069-4C34-B07B-FD8663F11908}
		{1BBC0F6D-4069-4C34-B07B-FD8663F11908} = {EDEC32C5-5646-4581-83F4-0BAC65CD4E61}
		{28AB039F-180A-4C8A-B20B-09CE1231777A} = {1BBC0F6D-4069-4C34-B07B-FD8663F11908}
		{F96147E0-39A9-4B99-9C83-786E9EB80045} = {DB77C912-4342-4B9D-93B3-21824168953D}
		{A39A5B2E-66CB-41B5-B3BA-1B39297BD5CA} = {DB77C912-4342-4B9D-93B3-21824168953D}
		{B655801E-3FB2-4726-8442-D26F0034A337} = {DB77C912-4342-4B9D-93B3-21824168953D}
		{3356B93E-588A-436F-BF8C-3CBA99B953A8} = {DB77C912-4342-4B9D-93B3-21824168953D}
		{7E5689C4-44FC-4BB7-9F21-9BC19700E9D2} = {BCE6B57D-2CBF-4B5D-A80C-91B21D367B58}
		{28572D7B-B794-4A93-9299-5EE67EE73CFE} = {BCE6B57D-2CBF-4B5D-A80C-91B21D367B58}
		{C94056E5-1799-4AFF-AC05-8A033F08EE0A} = {BCE6B57D-2CBF-4B5D-A80C-91B21D367B58}
		{9BA2F5E7-CFEC-4671-8043-3C159EDEB3ED} = {13D1BC8D-CD31-4D58-BF03-3A7E5C00C53D}
		{CC4E5E2F-BBB9-4765-9E79-9971FD11621D} = {9F482526-4BE5-432B-867D-12DB99E95A74}
		{092D883B-8021-4EA1-8996-CF11B1AE0BAB} = {0E7AF339-79A8-4190-84EB-B1034CFD0371}
		{B5191F93-91B8-4868-9BA3-379937F4130C} = {092D883B-8021-4EA1-8996-CF11B1AE0BAB}
		{45E04271-1DEC-476F-82BD-89F2D472C324} = {092D883B-8021-4EA1-8996-CF11B1AE0BAB}
		{FD1F9A9C-65AB-4FEC-90C9-970261048A21} = {092D883B-8021-4EA1-8996-CF11B1AE0BAB}
		{22FA5EB7-CE86-402E-B058-FEE8521BF50D} = {092D883B-8021-4EA1-8996-CF11B1AE0BAB}
		{A4353037-464C-4F4D-9AB7-D599FC410ED4} = {092D883B-8021-4EA1-8996-CF11B1AE0BAB}
		{5BA252CD-357F-4089-B820-311DC931303E} = {092D883B-8021-4EA1-8996-CF11B1AE0BAB}
		{A282EE7D-DCD5-4A74-ACAC-C202DC956DBF} = {CAF6C396-AE23-4A29-A4A3-F7393F380606}
		{01C27764-8129-42F7-97DE-0D141800A5E0} = {351EE22A-AC96-4520-B181-E03755B9D04F}
		{8BD05B3F-5978-44C6-89F0-ACEBDAE4F59F} = {A282EE7D-DCD5-4A74-ACAC-C202DC956DBF}
		{42B45F15-0F7F-4DBF-B8D1-A4100028B6AF} = {0E7AF339-79A8-4190-84EB-B1034CFD0371}
		{CB0505C6-1545-497B-90BA-DFC62E297436} = {66423642-BC56-4F7E-A6CA-67DEC7B8258C}
		{66423642-BC56-4F7E-A6CA-67DEC7B8258C} = {42B45F15-0F7F-4DBF-B8D1-A4100028B6AF}
		{4EE9CE92-C798-4071-A070-83DE05682D15} = {66423642-BC56-4F7E-A6CA-67DEC7B8258C}
		{4E4EC3CB-9CC5-488D-B269-5C76881E64A4} = {66423642-BC56-4F7E-A6CA-67DEC7B8258C}
		{255C5DF4-9D19-417B-A4E6-0A6226F81AE2} = {66423642-BC56-4F7E-A6CA-67DEC7B8258C}
		{2DE7AD75-6D09-4902-80E0-506FA23FE0A5} = {66423642-BC56-4F7E-A6CA-67DEC7B8258C}
		{992D8663-8887-4F15-992B-C8B3607E2B37} = {88ED9280-930F-4D04-A698-8B173FA65365}
		{88ED9280-930F-4D04-A698-8B173FA65365} = {42B45F15-0F7F-4DBF-B8D1-A4100028B6AF}
		{BAA43A6D-6557-4C7D-ADD8-A8045759B3DB} = {88ED9280-930F-4D04-A698-8B173FA65365}
		{25CCD1EC-AF8D-426C-B0A6-A4FA30D1BACC} = {88ED9280-930F-4D04-A698-8B173FA65365}
		{B7C99DE3-ED4C-4B7F-BDD4-45C2865D7FCD} = {88ED9280-930F-4D04-A698-8B173FA65365}
		{7DC1D8DD-F149-4693-A97E-C72D72D9423E} = {88ED9280-930F-4D04-A698-8B173FA65365}
		{EC51F170-D562-4903-8D38-356C3EEF44DB} = {88ED9280-930F-4D04-A698-8B173FA65365}
		{AD59C18C-E32E-4C5B-B954-C78C41A606B5} = {88ED9280-930F-4D04-A698-8B173FA65365}
		{6BD469A3-F994-4045-BD0C-470EAD035AEA} = {42B45F15-0F7F-4DBF-B8D1-A4100028B6AF}
		{C792A988-7426-4612-9A83-E5746D8134EA} = {6BD469A3-F994-4045-BD0C-470EAD035AEA}
		{101DE40B-F5C7-4487-8894-2E328194A782} = {6BD469A3-F994-4045-BD0C-470EAD035AEA}
		{96E4B63E-F3FE-488E-B3DA-71DDD50D5A63} = {6BD469A3-F994-4045-BD0C-470EAD035AEA}
		{5FF6DCF0-86D6-48C0-AE9F-E3E9F22B977C} = {6BD469A3-F994-4045-BD0C-470EAD035AEA}
		{14C3ACC3-2A25-4D59-BBEB-75C03411FA49} = {6BD469A3-F994-4045-BD0C-470EAD035AEA}
		{F1734FDA-B89D-4B28-847F-2AE16362C772} = {6BD469A3-F994-4045-BD0C-470EAD035AEA}
		{6A3B7BC1-D1D1-48D8-BABE-FC20C6EDD7EB} = {6BD469A3-F994-4045-BD0C-470EAD035AEA}
		{912AF436-0A5E-431D-8169-801F03FCFC40} = {6BD469A3-F994-4045-BD0C-470EAD035AEA}
		{850F7AB7-E844-4BAF-BA97-3075E715DD0F} = {6BD469A3-F994-4045-BD0C-470EAD035AEA}
		{66F02877-EFD1-4831-9CD0-BEC06FB2DC80} = {6BD469A3-F994-4045-BD0C-470EAD035AEA}
		{DEFC05A3-C647-4858-A7D0-C712FCA50DF5} = {DB77C912-4342-4B9D-93B3-21824168953D}
		{D5E67CF9-F45A-4218-8EEB-5FF3857001F9} = {B1DD712E-52EC-4BD6-9B69-E713ED97D3F4}
		{316A3FD2-F53A-4153-A426-A56CBB3A9A81} = {62AE01BE-B705-4CFE-BB94-4EFA8AD5D640}
		{B7500CF1-9561-46F1-9BF5-7CA18C272016} = {1FF1B47B-8DB9-4ABB-B0E8-F120CEBD060B}
		{27B4C3B5-2C1D-4347-AD2E-C1B48D371745} = {CC4E5E2F-BBB9-4765-9E79-9971FD11621D}
		{24826E94-E85E-42C1-86FB-FF70FAB697AE} = {93BD8A34-DE33-4476-97D2-19A084BD4A48}
		{7106B8C6-57E8-4C53-9E4A-1787F0EFEC5F} = {93BD8A34-DE33-4476-97D2-19A084BD4A48}
		{1199B005-272F-4DE3-A802-26807C515459} = {1DA159C8-90C4-4281-BD8E-514EF1B0CF3E}
		{13D1BC8D-CD31-4D58-BF03-3A7E5C00C53D} = {1199B005-272F-4DE3-A802-26807C515459}
		{1FF1B47B-8DB9-4ABB-B0E8-F120CEBD060B} = {1199B005-272F-4DE3-A802-26807C515459}
		{6177943A-F1A0-4ABA-87CC-43BD275D78FE} = {1199B005-272F-4DE3-A802-26807C515459}
		{7C186AEF-C9BD-4717-B83D-8676BA87445B} = {6177943A-F1A0-4ABA-87CC-43BD275D78FE}
		{71349230-CA15-4343-A8A5-B3FD8F2E43D6} = {13D1BC8D-CD31-4D58-BF03-3A7E5C00C53D}
		{CE23AE7B-BB98-4098-ABEA-91DDD094AA65} = {1DA159C8-90C4-4281-BD8E-514EF1B0CF3E}
		{C15F62E4-3AEC-48D0-8B12-31029E6687E0} = {CE23AE7B-BB98-4098-ABEA-91DDD094AA65}
		{295E70E8-9AB3-4275-A217-71F0DCB81180} = {4DAB5BBB-5D06-4F0F-A571-719497F7780E}
		{2084FE37-9E91-4525-A81F-18B21D149494} = {62AE01BE-B705-4CFE-BB94-4EFA8AD5D640}
		{4DAB5BBB-5D06-4F0F-A571-719497F7780E} = {62AE01BE-B705-4CFE-BB94-4EFA8AD5D640}
		{C67C5DD1-FB31-4542-9E65-1926222278F7} = {1BBC0F6D-4069-4C34-B07B-FD8663F11908}
		{7CC6C2B6-2077-45F7-B8C9-2E3606CC8AE7} = {261ED94F-5197-460B-9B6F-C3E0802193F7}
		{2AEEDD02-DE87-4A6F-B722-BAE07A654879} = {7CC6C2B6-2077-45F7-B8C9-2E3606CC8AE7}
		{4A052519-57F1-4A5A-B918-DE92B41430A1} = {261ED94F-5197-460B-9B6F-C3E0802193F7}
		{24A2277F-4860-4376-A132-063CF18F43CA} = {4A052519-57F1-4A5A-B918-DE92B41430A1}
		{768654CA-97DB-4F78-9DF9-F1BD6A1D4456} = {261ED94F-5197-460B-9B6F-C3E0802193F7}
		{B1DD712E-52EC-4BD6-9B69-E713ED97D3F4} = {0E7AF339-79A8-4190-84EB-B1034CFD0371}
		{ADD65C6B-90B7-4CEA-9E5F-B51E98D12D3B} = {B1DD712E-52EC-4BD6-9B69-E713ED97D3F4}
		{F30FF9A0-3664-48F1-AF33-655067703796} = {EDB66E67-2EC0-4EFC-8ABD-FE0F58311E31}
		{D8F07DA8-8CF3-49DA-84B5-A0C467DE9969} = {EDB66E67-2EC0-4EFC-8ABD-FE0F58311E31}
		{3A73E115-C340-43CD-B61C-D04409008E6F} = {F30FF9A0-3664-48F1-AF33-655067703796}
		{8B7B0DB2-5750-4966-90AB-A6E9B4ABC6C0} = {F30FF9A0-3664-48F1-AF33-655067703796}
		{A77E3D19-A03B-42B6-917E-B7BFA02BD473} = {D8F07DA8-8CF3-49DA-84B5-A0C467DE9969}
		{8386C99B-8A96-4DA6-935D-DB14691A236E} = {D8F07DA8-8CF3-49DA-84B5-A0C467DE9969}
		{2EFACD84-97A1-4CBE-9C15-92CBFF4668AF} = {B1DD712E-52EC-4BD6-9B69-E713ED97D3F4}
		{A67DCAB3-54C6-4F56-AD0D-6664DF89F95E} = {0668E463-2FB9-4D83-8FD5-BABAF6E85BDB}
		{A1FD305E-6CA3-4BBC-B2AC-36D1933E242D} = {6FF492B8-DC9B-4E6E-A8F5-BE4685D006EE}
		{96D5971C-1720-40AE-A77F-E241A9C86495} = {6FF492B8-DC9B-4E6E-A8F5-BE4685D006EE}
		{5AC98EFD-A368-4F74-BDBF-2E377C2FBF21} = {0E7AF339-79A8-4190-84EB-B1034CFD0371}
		{3A0A883F-834D-48BA-B65A-FB2284715C42} = {5AC98EFD-A368-4F74-BDBF-2E377C2FBF21}
		{B50AA76A-EA14-471F-B1BB-80FAE69DE5EC} = {5AC98EFD-A368-4F74-BDBF-2E377C2FBF21}
		{EC47205E-9A7A-4488-A5F2-A2FFD46A32AC} = {5AC98EFD-A368-4F74-BDBF-2E377C2FBF21}
		{3D9CD1DE-D75A-4974-8D44-8B45DBC6BBD4} = {5AC98EFD-A368-4F74-BDBF-2E377C2FBF21}
		{C26E8ED4-9F8E-4222-A1C1-E6372E75C8AB} = {5AC98EFD-A368-4F74-BDBF-2E377C2FBF21}
		{FE753C87-A84D-4FB4-BFA4-E57B35CE175D} = {261ED94F-5197-460B-9B6F-C3E0802193F7}
		{024A8AD6-FE56-407A-B465-33F961BAE5ED} = {261ED94F-5197-460B-9B6F-C3E0802193F7}
		{3622B8D8-C83B-441D-83AD-2B92A65EA4FC} = {4A052519-57F1-4A5A-B918-DE92B41430A1}
		{B9CB3388-EF30-4EF5-8FFA-09C8EE65ED56} = {B1DD712E-52EC-4BD6-9B69-E713ED97D3F4}
		{8B03778F-4CB8-4EF3-98B2-58A5D51F13EB} = {0E7AF339-79A8-4190-84EB-B1034CFD0371}
		{8980500B-F3A8-4C6B-8187-F6562049C094} = {8B03778F-4CB8-4EF3-98B2-58A5D51F13EB}
		{8A3FAB50-F831-4C94-8531-E01138B89D78} = {8B03778F-4CB8-4EF3-98B2-58A5D51F13EB}
		{FE21BFF0-70EF-4704-B4DD-5EDAA497834C} = {8A3FAB50-F831-4C94-8531-E01138B89D78}
	EndGlobalSection
	GlobalSection(ExtensibilityGlobals) = postSolution
		SolutionGuid = {E490D0C8-C5A7-4F24-8A9B-CE1635508778}
	EndGlobalSection
EndGlobal
