Microsoft Visual Studio Solution File, Format Version 12.00
# Visual Studio Version 16
VisualStudioVersion = 16.0.29215.179
MinimumVisualStudioVersion = 10.0.40219.1
Project("{2150E333-8FDC-42A3-9474-1A3956D46DE8}") = "BackEnd", "BackEnd", "{261ED94F-5197-460B-9B6F-C3E0802193F7}"
EndProject
Project("{2150E333-8FDC-42A3-9474-1A3956D46DE8}") = "Desktop", "Desktop", "{8FC77051-A10F-47B7-99C0-44F9EA5ABABE}"
EndProject
Project("{2150E333-8FDC-42A3-9474-1A3956D46DE8}") = "WEB", "WEB", "{1DA159C8-90C4-4281-BD8E-514EF1B0CF3E}"
EndProject
Project("{9A19103F-16F7-4668-BE54-9A1E7A4F7556}") = "CompilacionInstalacion", "Desktop\CompilacionInstalacion\CompilacionInstalacion.csproj", "{8CABEDDB-CFB4-4FBA-AF82-E1E4F61DA5E7}"
EndProject
Project("{9A19103F-16F7-4668-BE54-9A1E7A4F7556}") = "ConsoleDesign", "Desktop\ConsoleDesign\ConsoleDesign.csproj", "{4B99397C-0463-40DF-8151-71339EB054C5}"
EndProject
Project("{2150E333-8FDC-42A3-9474-1A3956D46DE8}") = "_Configs", "_Configs", "{4233726F-ADE3-4D58-BEEA-80F16678477C}"
	ProjectSection(SolutionItems) = preProject
		.editorconfig = .editorconfig
		nuget.config = nuget.config
	EndProjectSection
EndProject
Project("{2150E333-8FDC-42A3-9474-1A3956D46DE8}") = "Desktop Design", "Desktop Design", "{0668E463-2FB9-4D83-8FD5-BABAF6E85BDB}"
EndProject
Project("{2150E333-8FDC-42A3-9474-1A3956D46DE8}") = "Console Design", "Console Design", "{2BAD429E-8340-4392-8BE0-CFBE712E7623}"
EndProject
Project("{9A19103F-16F7-4668-BE54-9A1E7A4F7556}") = "1erEjecicio", "Desktop\DAM-WPF\1erEjecicio\1erEjecicio.csproj", "{0DC8F180-7670-4C1E-A64F-3219395778B2}"
EndProject
Project("{9A19103F-16F7-4668-BE54-9A1E7A4F7556}") = "EjercicioPong", "Desktop\DAM-WPF\EjercicioPong\EjercicioPong.csproj", "{1DC0C7DA-9A74-4E20-84F5-A4F69AB4CA6D}"
EndProject
Project("{9A19103F-16F7-4668-BE54-9A1E7A4F7556}") = "TresEnRaya", "Desktop\DAM-WPF\TresEnRaya\TresEnRaya.csproj", "{F503E49A-EA88-49DD-AB86-DEA7892AECDC}"
EndProject
Project("{2150E333-8FDC-42A3-9474-1A3956D46DE8}") = "Examen", "Examen", "{F0B91C0A-7144-4E7D-AE08-8BAF785FF12B}"
EndProject
Project("{9A19103F-16F7-4668-BE54-9A1E7A4F7556}") = "Calculadora", "Desktop\DAM-WPF\Calculadora\Calculadora.csproj", "{E3B78AA0-8B4E-4E64-9540-DC97370A7D30}"
EndProject
Project("{9A19103F-16F7-4668-BE54-9A1E7A4F7556}") = "CalculadoraComponente", "Desktop\DAM-WPF\CalculadoraComponente\CalculadoraComponente.csproj", "{5913D895-F101-4C3B-ADFC-2854D73A7443}"
EndProject
Project("{2150E333-8FDC-42A3-9474-1A3956D46DE8}") = "WebApi", "WebApi", "{38CF5FB2-3D50-4B13-8314-F700B05383F3}"
EndProject
Project("{2150E333-8FDC-42A3-9474-1A3956D46DE8}") = "01_FrontEnd", "01_FrontEnd", "{306EA200-0CA3-41E0-8877-91656BF05BD2}"
EndProject
Project("{2150E333-8FDC-42A3-9474-1A3956D46DE8}") = "02_BackEnd", "02_BackEnd", "{29F32913-F040-4AEB-BF75-D13AAA8271AC}"
EndProject
Project("{2150E333-8FDC-42A3-9474-1A3956D46DE8}") = "03_Utilities", "03_Utilities", "{7AFBCA32-61FE-4B1D-A377-29FDED10441C}"
EndProject
Project("{2150E333-8FDC-42A3-9474-1A3956D46DE8}") = "PluginsEnApps", "PluginsEnApps", "{6FF492B8-DC9B-4E6E-A8F5-BE4685D006EE}"
EndProject
Project("{9A19103F-16F7-4668-BE54-9A1E7A4F7556}") = "AplicacionToExtender", "BackEnd\PluginsEnApps\AplicacionToExtender\AplicacionToExtender.csproj", "{9BF2D64E-5E76-446F-B912-63F2BD55F49D}"
EndProject
Project("{9A19103F-16F7-4668-BE54-9A1E7A4F7556}") = "PluginAPI", "BackEnd\PluginsEnApps\PluginAPI\PluginAPI.csproj", "{6DF40625-40BA-4AD7-8FCB-D7512DA71FFC}"
EndProject
Project("{9A19103F-16F7-4668-BE54-9A1E7A4F7556}") = "PluginDeEjemplo", "BackEnd\PluginsEnApps\PluginDeEjemplo\PluginDeEjemplo.csproj", "{366E34EE-208E-4B1D-8879-F154DF7A2455}"
EndProject
Project("{2150E333-8FDC-42A3-9474-1A3956D46DE8}") = "BBDD", "BBDD", "{CAF6C396-AE23-4A29-A4A3-F7393F380606}"
EndProject
Project("{2150E333-8FDC-42A3-9474-1A3956D46DE8}") = "ConexionesInternet", "ConexionesInternet", "{BCE6B57D-2CBF-4B5D-A80C-91B21D367B58}"
EndProject
Project("{2150E333-8FDC-42A3-9474-1A3956D46DE8}") = "EscrituraLectura", "EscrituraLectura", "{DB77C912-4342-4B9D-93B3-21824168953D}"
EndProject
Project("{2150E333-8FDC-42A3-9474-1A3956D46DE8}") = "Performance", "Performance", "{62AE01BE-B705-4CFE-BB94-4EFA8AD5D640}"
EndProject
Project("{2150E333-8FDC-42A3-9474-1A3956D46DE8}") = "Seguridad", "Seguridad", "{EDEC32C5-5646-4581-83F4-0BAC65CD4E61}"
EndProject
Project("{2150E333-8FDC-42A3-9474-1A3956D46DE8}") = "EntityFrameworkCore", "EntityFrameworkCore", "{93BD8A34-DE33-4476-97D2-19A084BD4A48}"
EndProject
Project("{2150E333-8FDC-42A3-9474-1A3956D46DE8}") = "BBDD_SqliteLocal", "BBDD_SqliteLocal", "{49958F4C-03BE-4BC4-A2A7-9B04582BBB64}"
EndProject
Project("{9A19103F-16F7-4668-BE54-9A1E7A4F7556}") = "AsyncAwait", "BackEnd\Performance\AsyncAwait\AsyncAwait.csproj", "{5BAFE29F-39A6-4653-8AB4-DB53A05BCA13}"
EndProject
Project("{9A19103F-16F7-4668-BE54-9A1E7A4F7556}") = "ParallelExecutionCode", "BackEnd\Performance\ParallelExecutionCode\ParallelExecutionCode.csproj", "{3409DFF2-5473-4ADE-9917-C7121008D7E9}"
EndProject
Project("{9A19103F-16F7-4668-BE54-9A1E7A4F7556}") = "ThreadsManagement", "BackEnd\Performance\ThreadsManagement\ThreadsManagement.csproj", "{5B219BA4-1899-45AF-A36E-2E33594451A1}"
EndProject
Project("{9A19103F-16F7-4668-BE54-9A1E7A4F7556}") = "TaskManagement", "BackEnd\Performance\TaskManagement\TaskManagement.csproj", "{ADFE2DC7-0A01-48EB-B5D2-B3D3129E6932}"
EndProject
Project("{2150E333-8FDC-42A3-9474-1A3956D46DE8}") = "ORM", "ORM", "{9F482526-4BE5-432B-867D-12DB99E95A74}"
EndProject
Project("{2150E333-8FDC-42A3-9474-1A3956D46DE8}") = "ADO.NET", "ADO.NET", "{351EE22A-AC96-4520-B181-E03755B9D04F}"
EndProject
Project("{9A19103F-16F7-4668-BE54-9A1E7A4F7556}") = "MySqlDatabase", "BackEnd\BBDD\MySqlDatabase\MySqlDatabase.csproj", "{590FAC53-CDC0-4584-B51A-B9FFDB53ACFC}"
EndProject
Project("{9A19103F-16F7-4668-BE54-9A1E7A4F7556}") = "SqliteDatabase", "BackEnd\BBDD\SqliteDatabase\SqliteDatabase.csproj", "{D27148A0-CA97-4797-8A64-2AF53154429A}"
EndProject
Project("{9A19103F-16F7-4668-BE54-9A1E7A4F7556}") = "AesCipherExample", "BackEnd\Seguridad\Cifrados\Simetricos\AesCipherExample\AesCipherExample.csproj", "{3831A28E-B7D6-45AE-BFBE-09AC4E5768E3}"
EndProject
Project("{2150E333-8FDC-42A3-9474-1A3956D46DE8}") = "Cifrados", "Cifrados", "{1BBC0F6D-4069-4C34-B07B-FD8663F11908}"
EndProject
Project("{2150E333-8FDC-42A3-9474-1A3956D46DE8}") = "Simetricos", "Simetricos", "{7AC903F9-F261-462F-AC8A-3C11E60E048A}"
EndProject
Project("{2150E333-8FDC-42A3-9474-1A3956D46DE8}") = "Asimetricos", "Asimetricos", "{C727BD23-F9DE-4AF6-8237-277F329EDA9D}"
EndProject
Project("{9A19103F-16F7-4668-BE54-9A1E7A4F7556}") = "RsaCipherExample", "BackEnd\Seguridad\Cifrados\Asimetricos\RsaCipherExample\RsaCipherExample.csproj", "{28AB039F-180A-4C8A-B20B-09CE1231777A}"
EndProject
Project("{2150E333-8FDC-42A3-9474-1A3956D46DE8}") = "Arquitectura", "Arquitectura", "{BC12B1CE-3F9C-453D-8081-6149009ACA62}"
EndProject
Project("{2150E333-8FDC-42A3-9474-1A3956D46DE8}") = "DesktopApps", "DesktopApps", "{2660615D-2920-4B89-9E71-A150F164055C}"
EndProject
Project("{2150E333-8FDC-42A3-9474-1A3956D46DE8}") = "WebApps", "WebApps", "{ED0BBAD4-52FE-443C-BDC6-E13635348CBE}"
EndProject
Project("{2150E333-8FDC-42A3-9474-1A3956D46DE8}") = "ConsoleApps", "ConsoleApps", "{23263B5B-801F-455D-A6B0-A17D28319F42}"
EndProject
Project("{9A19103F-16F7-4668-BE54-9A1E7A4F7556}") = "ArchivosTexto", "BackEnd\EscrituraLectura\ArchivosTexto\ArchivosTexto.csproj", "{F96147E0-39A9-4B99-9C83-786E9EB80045}"
EndProject
Project("{9A19103F-16F7-4668-BE54-9A1E7A4F7556}") = "ConfigurationFiles", "BackEnd\EscrituraLectura\ConfigurationFiles\ConfigurationFiles.csproj", "{A39A5B2E-66CB-41B5-B3BA-1B39297BD5CA}"
EndProject
Project("{9A19103F-16F7-4668-BE54-9A1E7A4F7556}") = "JsonFiles", "BackEnd\EscrituraLectura\JsonFiles\JsonFiles.csproj", "{B655801E-3FB2-4726-8442-D26F0034A337}"
EndProject
Project("{9A19103F-16F7-4668-BE54-9A1E7A4F7556}") = "XmlFiles", "BackEnd\EscrituraLectura\XmlFiles\XmlFiles.csproj", "{3356B93E-588A-436F-BF8C-3CBA99B953A8}"
EndProject
Project("{9A19103F-16F7-4668-BE54-9A1E7A4F7556}") = "ActiveDirectory", "BackEnd\ConexionesInternet\ActiveDirectory\ActiveDirectory.csproj", "{6A74D52A-8DE2-412B-9AEE-249897FC1089}"
EndProject
Project("{9A19103F-16F7-4668-BE54-9A1E7A4F7556}") = "ConexionesSocket", "BackEnd\ConexionesInternet\ConexionesSocket\ConexionesSocket.csproj", "{7E5689C4-44FC-4BB7-9F21-9BC19700E9D2}"
EndProject
Project("{9A19103F-16F7-4668-BE54-9A1E7A4F7556}") = "UseEmail", "BackEnd\ConexionesInternet\UseEmail\UseEmail.csproj", "{28572D7B-B794-4A93-9299-5EE67EE73CFE}"
EndProject
Project("{9A19103F-16F7-4668-BE54-9A1E7A4F7556}") = "UseApiWeb", "BackEnd\ConexionesInternet\UseApiWeb\UseApiWeb.csproj", "{C94056E5-1799-4AFF-AC05-8A033F08EE0A}"
EndProject
Project("{9A19103F-16F7-4668-BE54-9A1E7A4F7556}") = "SqliteEfCore", "BackEnd\BBDD\EntityFrameworkCore\SqliteEfCore\SqliteEfCore.csproj", "{C57D291B-5E81-4698-802B-22EA4779157D}"
EndProject
Project("{9A19103F-16F7-4668-BE54-9A1E7A4F7556}") = "Apuntes.BackLocal.Core", "Arquitectura\BBDD_SqliteLocal\Apuntes.BackLocal.Core\Apuntes.BackLocal.Core.csproj", "{EFCEC6CE-4AC4-4467-853F-8CB6CF6814BB}"
EndProject
Project("{9A19103F-16F7-4668-BE54-9A1E7A4F7556}") = "Apuntes.BackLocal.DataAccessLayer", "Arquitectura\BBDD_SqliteLocal\Apuntes.BackLocal.DataAccessLayer\Apuntes.BackLocal.DataAccessLayer.csproj", "{24BB593A-4EEE-4597-AFFC-ECB4D21CD725}"
EndProject
Project("{9A19103F-16F7-4668-BE54-9A1E7A4F7556}") = "Apuntes.Console.Presentacion", "Arquitectura\BBDD_SqliteLocal\Apuntes.Console.Presentacion\Apuntes.Console.Presentacion.csproj", "{361FDCD1-4D17-44AE-911F-F6B65CB6D846}"
EndProject
Project("{9A19103F-16F7-4668-BE54-9A1E7A4F7556}") = "Apuntes.Migrations.SqliteLocal", "Arquitectura\BBDD_SqliteLocal\Apuntes.Migrations.SqliteLocal\Apuntes.Migrations.SqliteLocal.csproj", "{9F1B1121-66E8-4E2F-A482-5D52BDADF22B}"
EndProject
Project("{9A19103F-16F7-4668-BE54-9A1E7A4F7556}") = "Apuntes.WPF.Presentacion", "Arquitectura\BBDD_SqliteLocal\Apuntes.WPF.Presentacion\Apuntes.WPF.Presentacion.csproj", "{4D68E671-5681-4EDA-B238-074D512D3965}"
EndProject
Project("{9A19103F-16F7-4668-BE54-9A1E7A4F7556}") = "SqlServerEfCore", "BackEnd\BBDD\EntityFrameworkCore\SqlServerEfCore\SqlServerEfCore.csproj", "{7C9741E6-5498-44D4-9464-7FB936159212}"
EndProject
Project("{9A19103F-16F7-4668-BE54-9A1E7A4F7556}") = "FrontApi", "Arquitectura\WebApps\WebAPI\FrontApi\FrontApi.csproj", "{F05B54AB-D178-400E-BE3E-9A3042E68661}"
EndProject
Project("{9A19103F-16F7-4668-BE54-9A1E7A4F7556}") = "BackApi", "Arquitectura\WebApps\WebAPI\BackApi\BackApi.csproj", "{22DA56C1-7762-4175-8C98-1E8E738CCB9F}"
EndProject
Project("{9A19103F-16F7-4668-BE54-9A1E7A4F7556}") = "DataAccessLayer", "Arquitectura\WebApps\WebAPI\DataAccessLayer\DataAccessLayer.csproj", "{027DDDB7-1829-49C5-891B-B37BE4BFCCBA}"
EndProject
Project("{9A19103F-16F7-4668-BE54-9A1E7A4F7556}") = "Migrations", "Arquitectura\WebApps\WebAPI\Migrations\Migrations.csproj", "{A294255B-48BB-49EB-9356-D547F07DE108}"
EndProject
Project("{9A19103F-16F7-4668-BE54-9A1E7A4F7556}") = "RazorPagesExample", "WEB\RazorPagesExample\RazorPagesExample.csproj", "{7AB52B58-EA61-49E3-BE69-0814DA21AF66}"
EndProject
Project("{9A19103F-16F7-4668-BE54-9A1E7A4F7556}") = "MvcExample", "WEB\MvcExample\MvcExample.csproj", "{91DB6DD4-EE4B-4780-87C4-AB63C8C469E4}"
EndProject
Project("{9A19103F-16F7-4668-BE54-9A1E7A4F7556}") = "WebApiExample", "WEB\WebApiExample\WebApiExample.csproj", "{9BA2F5E7-CFEC-4671-8043-3C159EDEB3ED}"
EndProject
Global
	GlobalSection(SolutionConfigurationPlatforms) = preSolution
		Debug|Any CPU = Debug|Any CPU
		Release|Any CPU = Release|Any CPU
	EndGlobalSection
	GlobalSection(ProjectConfigurationPlatforms) = postSolution
		{8CABEDDB-CFB4-4FBA-AF82-E1E4F61DA5E7}.Debug|Any CPU.ActiveCfg = Debug|Any CPU
		{8CABEDDB-CFB4-4FBA-AF82-E1E4F61DA5E7}.Debug|Any CPU.Build.0 = Debug|Any CPU
		{8CABEDDB-CFB4-4FBA-AF82-E1E4F61DA5E7}.Release|Any CPU.ActiveCfg = Release|Any CPU
		{8CABEDDB-CFB4-4FBA-AF82-E1E4F61DA5E7}.Release|Any CPU.Build.0 = Release|Any CPU
		{4B99397C-0463-40DF-8151-71339EB054C5}.Debug|Any CPU.ActiveCfg = Debug|Any CPU
		{4B99397C-0463-40DF-8151-71339EB054C5}.Debug|Any CPU.Build.0 = Debug|Any CPU
		{4B99397C-0463-40DF-8151-71339EB054C5}.Release|Any CPU.ActiveCfg = Release|Any CPU
		{4B99397C-0463-40DF-8151-71339EB054C5}.Release|Any CPU.Build.0 = Release|Any CPU
		{0DC8F180-7670-4C1E-A64F-3219395778B2}.Debug|Any CPU.ActiveCfg = Debug|Any CPU
		{0DC8F180-7670-4C1E-A64F-3219395778B2}.Debug|Any CPU.Build.0 = Debug|Any CPU
		{0DC8F180-7670-4C1E-A64F-3219395778B2}.Release|Any CPU.ActiveCfg = Release|Any CPU
		{0DC8F180-7670-4C1E-A64F-3219395778B2}.Release|Any CPU.Build.0 = Release|Any CPU
		{1DC0C7DA-9A74-4E20-84F5-A4F69AB4CA6D}.Debug|Any CPU.ActiveCfg = Debug|Any CPU
		{1DC0C7DA-9A74-4E20-84F5-A4F69AB4CA6D}.Debug|Any CPU.Build.0 = Debug|Any CPU
		{1DC0C7DA-9A74-4E20-84F5-A4F69AB4CA6D}.Release|Any CPU.ActiveCfg = Release|Any CPU
		{1DC0C7DA-9A74-4E20-84F5-A4F69AB4CA6D}.Release|Any CPU.Build.0 = Release|Any CPU
		{F503E49A-EA88-49DD-AB86-DEA7892AECDC}.Debug|Any CPU.ActiveCfg = Debug|Any CPU
		{F503E49A-EA88-49DD-AB86-DEA7892AECDC}.Debug|Any CPU.Build.0 = Debug|Any CPU
		{F503E49A-EA88-49DD-AB86-DEA7892AECDC}.Release|Any CPU.ActiveCfg = Release|Any CPU
		{F503E49A-EA88-49DD-AB86-DEA7892AECDC}.Release|Any CPU.Build.0 = Release|Any CPU
		{E3B78AA0-8B4E-4E64-9540-DC97370A7D30}.Debug|Any CPU.ActiveCfg = Debug|Any CPU
		{E3B78AA0-8B4E-4E64-9540-DC97370A7D30}.Debug|Any CPU.Build.0 = Debug|Any CPU
		{E3B78AA0-8B4E-4E64-9540-DC97370A7D30}.Release|Any CPU.ActiveCfg = Release|Any CPU
		{E3B78AA0-8B4E-4E64-9540-DC97370A7D30}.Release|Any CPU.Build.0 = Release|Any CPU
		{5913D895-F101-4C3B-ADFC-2854D73A7443}.Debug|Any CPU.ActiveCfg = Debug|Any CPU
		{5913D895-F101-4C3B-ADFC-2854D73A7443}.Debug|Any CPU.Build.0 = Debug|Any CPU
		{5913D895-F101-4C3B-ADFC-2854D73A7443}.Release|Any CPU.ActiveCfg = Release|Any CPU
		{5913D895-F101-4C3B-ADFC-2854D73A7443}.Release|Any CPU.Build.0 = Release|Any CPU
		{9BF2D64E-5E76-446F-B912-63F2BD55F49D}.Debug|Any CPU.ActiveCfg = Debug|Any CPU
		{9BF2D64E-5E76-446F-B912-63F2BD55F49D}.Debug|Any CPU.Build.0 = Debug|Any CPU
		{9BF2D64E-5E76-446F-B912-63F2BD55F49D}.Release|Any CPU.ActiveCfg = Release|Any CPU
		{9BF2D64E-5E76-446F-B912-63F2BD55F49D}.Release|Any CPU.Build.0 = Release|Any CPU
		{6DF40625-40BA-4AD7-8FCB-D7512DA71FFC}.Debug|Any CPU.ActiveCfg = Debug|Any CPU
		{6DF40625-40BA-4AD7-8FCB-D7512DA71FFC}.Debug|Any CPU.Build.0 = Debug|Any CPU
		{6DF40625-40BA-4AD7-8FCB-D7512DA71FFC}.Release|Any CPU.ActiveCfg = Release|Any CPU
		{6DF40625-40BA-4AD7-8FCB-D7512DA71FFC}.Release|Any CPU.Build.0 = Release|Any CPU
		{366E34EE-208E-4B1D-8879-F154DF7A2455}.Debug|Any CPU.ActiveCfg = Debug|Any CPU
		{366E34EE-208E-4B1D-8879-F154DF7A2455}.Debug|Any CPU.Build.0 = Debug|Any CPU
		{366E34EE-208E-4B1D-8879-F154DF7A2455}.Release|Any CPU.ActiveCfg = Release|Any CPU
		{366E34EE-208E-4B1D-8879-F154DF7A2455}.Release|Any CPU.Build.0 = Release|Any CPU
		{5BAFE29F-39A6-4653-8AB4-DB53A05BCA13}.Debug|Any CPU.ActiveCfg = Debug|Any CPU
		{5BAFE29F-39A6-4653-8AB4-DB53A05BCA13}.Debug|Any CPU.Build.0 = Debug|Any CPU
		{5BAFE29F-39A6-4653-8AB4-DB53A05BCA13}.Release|Any CPU.ActiveCfg = Release|Any CPU
		{5BAFE29F-39A6-4653-8AB4-DB53A05BCA13}.Release|Any CPU.Build.0 = Release|Any CPU
		{3409DFF2-5473-4ADE-9917-C7121008D7E9}.Debug|Any CPU.ActiveCfg = Debug|Any CPU
		{3409DFF2-5473-4ADE-9917-C7121008D7E9}.Debug|Any CPU.Build.0 = Debug|Any CPU
		{3409DFF2-5473-4ADE-9917-C7121008D7E9}.Release|Any CPU.ActiveCfg = Release|Any CPU
		{3409DFF2-5473-4ADE-9917-C7121008D7E9}.Release|Any CPU.Build.0 = Release|Any CPU
		{5B219BA4-1899-45AF-A36E-2E33594451A1}.Debug|Any CPU.ActiveCfg = Debug|Any CPU
		{5B219BA4-1899-45AF-A36E-2E33594451A1}.Debug|Any CPU.Build.0 = Debug|Any CPU
		{5B219BA4-1899-45AF-A36E-2E33594451A1}.Release|Any CPU.ActiveCfg = Release|Any CPU
		{5B219BA4-1899-45AF-A36E-2E33594451A1}.Release|Any CPU.Build.0 = Release|Any CPU
		{ADFE2DC7-0A01-48EB-B5D2-B3D3129E6932}.Debug|Any CPU.ActiveCfg = Debug|Any CPU
		{ADFE2DC7-0A01-48EB-B5D2-B3D3129E6932}.Debug|Any CPU.Build.0 = Debug|Any CPU
		{ADFE2DC7-0A01-48EB-B5D2-B3D3129E6932}.Release|Any CPU.ActiveCfg = Release|Any CPU
		{ADFE2DC7-0A01-48EB-B5D2-B3D3129E6932}.Release|Any CPU.Build.0 = Release|Any CPU
		{590FAC53-CDC0-4584-B51A-B9FFDB53ACFC}.Debug|Any CPU.ActiveCfg = Debug|Any CPU
		{590FAC53-CDC0-4584-B51A-B9FFDB53ACFC}.Debug|Any CPU.Build.0 = Debug|Any CPU
		{590FAC53-CDC0-4584-B51A-B9FFDB53ACFC}.Release|Any CPU.ActiveCfg = Release|Any CPU
		{590FAC53-CDC0-4584-B51A-B9FFDB53ACFC}.Release|Any CPU.Build.0 = Release|Any CPU
		{D27148A0-CA97-4797-8A64-2AF53154429A}.Debug|Any CPU.ActiveCfg = Debug|Any CPU
		{D27148A0-CA97-4797-8A64-2AF53154429A}.Debug|Any CPU.Build.0 = Debug|Any CPU
		{D27148A0-CA97-4797-8A64-2AF53154429A}.Release|Any CPU.ActiveCfg = Release|Any CPU
		{D27148A0-CA97-4797-8A64-2AF53154429A}.Release|Any CPU.Build.0 = Release|Any CPU
		{3831A28E-B7D6-45AE-BFBE-09AC4E5768E3}.Debug|Any CPU.ActiveCfg = Debug|Any CPU
		{3831A28E-B7D6-45AE-BFBE-09AC4E5768E3}.Debug|Any CPU.Build.0 = Debug|Any CPU
		{3831A28E-B7D6-45AE-BFBE-09AC4E5768E3}.Release|Any CPU.ActiveCfg = Release|Any CPU
		{3831A28E-B7D6-45AE-BFBE-09AC4E5768E3}.Release|Any CPU.Build.0 = Release|Any CPU
		{28AB039F-180A-4C8A-B20B-09CE1231777A}.Debug|Any CPU.ActiveCfg = Debug|Any CPU
		{28AB039F-180A-4C8A-B20B-09CE1231777A}.Debug|Any CPU.Build.0 = Debug|Any CPU
		{28AB039F-180A-4C8A-B20B-09CE1231777A}.Release|Any CPU.ActiveCfg = Release|Any CPU
		{28AB039F-180A-4C8A-B20B-09CE1231777A}.Release|Any CPU.Build.0 = Release|Any CPU
		{F96147E0-39A9-4B99-9C83-786E9EB80045}.Debug|Any CPU.ActiveCfg = Debug|Any CPU
		{F96147E0-39A9-4B99-9C83-786E9EB80045}.Debug|Any CPU.Build.0 = Debug|Any CPU
		{F96147E0-39A9-4B99-9C83-786E9EB80045}.Release|Any CPU.ActiveCfg = Release|Any CPU
		{F96147E0-39A9-4B99-9C83-786E9EB80045}.Release|Any CPU.Build.0 = Release|Any CPU
		{A39A5B2E-66CB-41B5-B3BA-1B39297BD5CA}.Debug|Any CPU.ActiveCfg = Debug|Any CPU
		{A39A5B2E-66CB-41B5-B3BA-1B39297BD5CA}.Debug|Any CPU.Build.0 = Debug|Any CPU
		{A39A5B2E-66CB-41B5-B3BA-1B39297BD5CA}.Release|Any CPU.ActiveCfg = Release|Any CPU
		{A39A5B2E-66CB-41B5-B3BA-1B39297BD5CA}.Release|Any CPU.Build.0 = Release|Any CPU
		{B655801E-3FB2-4726-8442-D26F0034A337}.Debug|Any CPU.ActiveCfg = Debug|Any CPU
		{B655801E-3FB2-4726-8442-D26F0034A337}.Debug|Any CPU.Build.0 = Debug|Any CPU
		{B655801E-3FB2-4726-8442-D26F0034A337}.Release|Any CPU.ActiveCfg = Release|Any CPU
		{B655801E-3FB2-4726-8442-D26F0034A337}.Release|Any CPU.Build.0 = Release|Any CPU
		{3356B93E-588A-436F-BF8C-3CBA99B953A8}.Debug|Any CPU.ActiveCfg = Debug|Any CPU
		{3356B93E-588A-436F-BF8C-3CBA99B953A8}.Debug|Any CPU.Build.0 = Debug|Any CPU
		{3356B93E-588A-436F-BF8C-3CBA99B953A8}.Release|Any CPU.ActiveCfg = Release|Any CPU
		{3356B93E-588A-436F-BF8C-3CBA99B953A8}.Release|Any CPU.Build.0 = Release|Any CPU
		{6A74D52A-8DE2-412B-9AEE-249897FC1089}.Debug|Any CPU.ActiveCfg = Debug|Any CPU
		{6A74D52A-8DE2-412B-9AEE-249897FC1089}.Debug|Any CPU.Build.0 = Debug|Any CPU
		{6A74D52A-8DE2-412B-9AEE-249897FC1089}.Release|Any CPU.ActiveCfg = Release|Any CPU
		{6A74D52A-8DE2-412B-9AEE-249897FC1089}.Release|Any CPU.Build.0 = Release|Any CPU
		{7E5689C4-44FC-4BB7-9F21-9BC19700E9D2}.Debug|Any CPU.ActiveCfg = Debug|Any CPU
		{7E5689C4-44FC-4BB7-9F21-9BC19700E9D2}.Debug|Any CPU.Build.0 = Debug|Any CPU
		{7E5689C4-44FC-4BB7-9F21-9BC19700E9D2}.Release|Any CPU.ActiveCfg = Release|Any CPU
		{7E5689C4-44FC-4BB7-9F21-9BC19700E9D2}.Release|Any CPU.Build.0 = Release|Any CPU
		{28572D7B-B794-4A93-9299-5EE67EE73CFE}.Debug|Any CPU.ActiveCfg = Debug|Any CPU
		{28572D7B-B794-4A93-9299-5EE67EE73CFE}.Debug|Any CPU.Build.0 = Debug|Any CPU
		{28572D7B-B794-4A93-9299-5EE67EE73CFE}.Release|Any CPU.ActiveCfg = Release|Any CPU
		{28572D7B-B794-4A93-9299-5EE67EE73CFE}.Release|Any CPU.Build.0 = Release|Any CPU
		{C94056E5-1799-4AFF-AC05-8A033F08EE0A}.Debug|Any CPU.ActiveCfg = Debug|Any CPU
		{C94056E5-1799-4AFF-AC05-8A033F08EE0A}.Debug|Any CPU.Build.0 = Debug|Any CPU
		{C94056E5-1799-4AFF-AC05-8A033F08EE0A}.Release|Any CPU.ActiveCfg = Release|Any CPU
		{C94056E5-1799-4AFF-AC05-8A033F08EE0A}.Release|Any CPU.Build.0 = Release|Any CPU
		{C57D291B-5E81-4698-802B-22EA4779157D}.Debug|Any CPU.ActiveCfg = Debug|Any CPU
		{C57D291B-5E81-4698-802B-22EA4779157D}.Debug|Any CPU.Build.0 = Debug|Any CPU
		{C57D291B-5E81-4698-802B-22EA4779157D}.Release|Any CPU.ActiveCfg = Release|Any CPU
		{C57D291B-5E81-4698-802B-22EA4779157D}.Release|Any CPU.Build.0 = Release|Any CPU
		{EFCEC6CE-4AC4-4467-853F-8CB6CF6814BB}.Debug|Any CPU.ActiveCfg = Debug|Any CPU
		{EFCEC6CE-4AC4-4467-853F-8CB6CF6814BB}.Debug|Any CPU.Build.0 = Debug|Any CPU
		{EFCEC6CE-4AC4-4467-853F-8CB6CF6814BB}.Release|Any CPU.ActiveCfg = Release|Any CPU
		{EFCEC6CE-4AC4-4467-853F-8CB6CF6814BB}.Release|Any CPU.Build.0 = Release|Any CPU
		{24BB593A-4EEE-4597-AFFC-ECB4D21CD725}.Debug|Any CPU.ActiveCfg = Debug|Any CPU
		{24BB593A-4EEE-4597-AFFC-ECB4D21CD725}.Debug|Any CPU.Build.0 = Debug|Any CPU
		{24BB593A-4EEE-4597-AFFC-ECB4D21CD725}.Release|Any CPU.ActiveCfg = Release|Any CPU
		{24BB593A-4EEE-4597-AFFC-ECB4D21CD725}.Release|Any CPU.Build.0 = Release|Any CPU
		{361FDCD1-4D17-44AE-911F-F6B65CB6D846}.Debug|Any CPU.ActiveCfg = Debug|Any CPU
		{361FDCD1-4D17-44AE-911F-F6B65CB6D846}.Debug|Any CPU.Build.0 = Debug|Any CPU
		{361FDCD1-4D17-44AE-911F-F6B65CB6D846}.Release|Any CPU.ActiveCfg = Release|Any CPU
		{361FDCD1-4D17-44AE-911F-F6B65CB6D846}.Release|Any CPU.Build.0 = Release|Any CPU
		{9F1B1121-66E8-4E2F-A482-5D52BDADF22B}.Debug|Any CPU.ActiveCfg = Debug|Any CPU
		{9F1B1121-66E8-4E2F-A482-5D52BDADF22B}.Debug|Any CPU.Build.0 = Debug|Any CPU
		{9F1B1121-66E8-4E2F-A482-5D52BDADF22B}.Release|Any CPU.ActiveCfg = Release|Any CPU
		{9F1B1121-66E8-4E2F-A482-5D52BDADF22B}.Release|Any CPU.Build.0 = Release|Any CPU
		{4D68E671-5681-4EDA-B238-074D512D3965}.Debug|Any CPU.ActiveCfg = Debug|Any CPU
		{4D68E671-5681-4EDA-B238-074D512D3965}.Debug|Any CPU.Build.0 = Debug|Any CPU
		{4D68E671-5681-4EDA-B238-074D512D3965}.Release|Any CPU.ActiveCfg = Release|Any CPU
		{4D68E671-5681-4EDA-B238-074D512D3965}.Release|Any CPU.Build.0 = Release|Any CPU
		{7C9741E6-5498-44D4-9464-7FB936159212}.Debug|Any CPU.ActiveCfg = Debug|Any CPU
		{7C9741E6-5498-44D4-9464-7FB936159212}.Debug|Any CPU.Build.0 = Debug|Any CPU
		{7C9741E6-5498-44D4-9464-7FB936159212}.Release|Any CPU.ActiveCfg = Release|Any CPU
		{7C9741E6-5498-44D4-9464-7FB936159212}.Release|Any CPU.Build.0 = Release|Any CPU
		{F05B54AB-D178-400E-BE3E-9A3042E68661}.Debug|Any CPU.ActiveCfg = Debug|Any CPU
		{F05B54AB-D178-400E-BE3E-9A3042E68661}.Debug|Any CPU.Build.0 = Debug|Any CPU
		{F05B54AB-D178-400E-BE3E-9A3042E68661}.Release|Any CPU.ActiveCfg = Release|Any CPU
		{F05B54AB-D178-400E-BE3E-9A3042E68661}.Release|Any CPU.Build.0 = Release|Any CPU
		{22DA56C1-7762-4175-8C98-1E8E738CCB9F}.Debug|Any CPU.ActiveCfg = Debug|Any CPU
		{22DA56C1-7762-4175-8C98-1E8E738CCB9F}.Debug|Any CPU.Build.0 = Debug|Any CPU
		{22DA56C1-7762-4175-8C98-1E8E738CCB9F}.Release|Any CPU.ActiveCfg = Release|Any CPU
		{22DA56C1-7762-4175-8C98-1E8E738CCB9F}.Release|Any CPU.Build.0 = Release|Any CPU
		{027DDDB7-1829-49C5-891B-B37BE4BFCCBA}.Debug|Any CPU.ActiveCfg = Debug|Any CPU
		{027DDDB7-1829-49C5-891B-B37BE4BFCCBA}.Debug|Any CPU.Build.0 = Debug|Any CPU
		{027DDDB7-1829-49C5-891B-B37BE4BFCCBA}.Release|Any CPU.ActiveCfg = Release|Any CPU
		{027DDDB7-1829-49C5-891B-B37BE4BFCCBA}.Release|Any CPU.Build.0 = Release|Any CPU
		{A294255B-48BB-49EB-9356-D547F07DE108}.Debug|Any CPU.ActiveCfg = Debug|Any CPU
		{A294255B-48BB-49EB-9356-D547F07DE108}.Debug|Any CPU.Build.0 = Debug|Any CPU
		{A294255B-48BB-49EB-9356-D547F07DE108}.Release|Any CPU.ActiveCfg = Release|Any CPU
		{A294255B-48BB-49EB-9356-D547F07DE108}.Release|Any CPU.Build.0 = Release|Any CPU
		{7AB52B58-EA61-49E3-BE69-0814DA21AF66}.Debug|Any CPU.ActiveCfg = Debug|Any CPU
		{7AB52B58-EA61-49E3-BE69-0814DA21AF66}.Debug|Any CPU.Build.0 = Debug|Any CPU
		{7AB52B58-EA61-49E3-BE69-0814DA21AF66}.Release|Any CPU.ActiveCfg = Release|Any CPU
		{7AB52B58-EA61-49E3-BE69-0814DA21AF66}.Release|Any CPU.Build.0 = Release|Any CPU
		{91DB6DD4-EE4B-4780-87C4-AB63C8C469E4}.Debug|Any CPU.ActiveCfg = Debug|Any CPU
		{91DB6DD4-EE4B-4780-87C4-AB63C8C469E4}.Debug|Any CPU.Build.0 = Debug|Any CPU
		{91DB6DD4-EE4B-4780-87C4-AB63C8C469E4}.Release|Any CPU.ActiveCfg = Release|Any CPU
		{91DB6DD4-EE4B-4780-87C4-AB63C8C469E4}.Release|Any CPU.Build.0 = Release|Any CPU
		{9BA2F5E7-CFEC-4671-8043-3C159EDEB3ED}.Debug|Any CPU.ActiveCfg = Debug|Any CPU
		{9BA2F5E7-CFEC-4671-8043-3C159EDEB3ED}.Debug|Any CPU.Build.0 = Debug|Any CPU
		{9BA2F5E7-CFEC-4671-8043-3C159EDEB3ED}.Release|Any CPU.ActiveCfg = Release|Any CPU
		{9BA2F5E7-CFEC-4671-8043-3C159EDEB3ED}.Release|Any CPU.Build.0 = Release|Any CPU
	EndGlobalSection
	GlobalSection(SolutionProperties) = preSolution
		HideSolutionNode = FALSE
	EndGlobalSection
	GlobalSection(NestedProjects) = preSolution
		{8CABEDDB-CFB4-4FBA-AF82-E1E4F61DA5E7} = {8FC77051-A10F-47B7-99C0-44F9EA5ABABE}
		{4B99397C-0463-40DF-8151-71339EB054C5} = {2BAD429E-8340-4392-8BE0-CFBE712E7623}
		{0668E463-2FB9-4D83-8FD5-BABAF6E85BDB} = {8FC77051-A10F-47B7-99C0-44F9EA5ABABE}
		{2BAD429E-8340-4392-8BE0-CFBE712E7623} = {8FC77051-A10F-47B7-99C0-44F9EA5ABABE}
		{0DC8F180-7670-4C1E-A64F-3219395778B2} = {0668E463-2FB9-4D83-8FD5-BABAF6E85BDB}
		{1DC0C7DA-9A74-4E20-84F5-A4F69AB4CA6D} = {0668E463-2FB9-4D83-8FD5-BABAF6E85BDB}
		{F503E49A-EA88-49DD-AB86-DEA7892AECDC} = {0668E463-2FB9-4D83-8FD5-BABAF6E85BDB}
		{F0B91C0A-7144-4E7D-AE08-8BAF785FF12B} = {0668E463-2FB9-4D83-8FD5-BABAF6E85BDB}
		{E3B78AA0-8B4E-4E64-9540-DC97370A7D30} = {F0B91C0A-7144-4E7D-AE08-8BAF785FF12B}
		{5913D895-F101-4C3B-ADFC-2854D73A7443} = {F0B91C0A-7144-4E7D-AE08-8BAF785FF12B}
		{38CF5FB2-3D50-4B13-8314-F700B05383F3} = {ED0BBAD4-52FE-443C-BDC6-E13635348CBE}
		{306EA200-0CA3-41E0-8877-91656BF05BD2} = {38CF5FB2-3D50-4B13-8314-F700B05383F3}
		{29F32913-F040-4AEB-BF75-D13AAA8271AC} = {38CF5FB2-3D50-4B13-8314-F700B05383F3}
		{7AFBCA32-61FE-4B1D-A377-29FDED10441C} = {38CF5FB2-3D50-4B13-8314-F700B05383F3}
		{6FF492B8-DC9B-4E6E-A8F5-BE4685D006EE} = {261ED94F-5197-460B-9B6F-C3E0802193F7}
		{9BF2D64E-5E76-446F-B912-63F2BD55F49D} = {6FF492B8-DC9B-4E6E-A8F5-BE4685D006EE}
		{6DF40625-40BA-4AD7-8FCB-D7512DA71FFC} = {6FF492B8-DC9B-4E6E-A8F5-BE4685D006EE}
		{366E34EE-208E-4B1D-8879-F154DF7A2455} = {6FF492B8-DC9B-4E6E-A8F5-BE4685D006EE}
		{CAF6C396-AE23-4A29-A4A3-F7393F380606} = {261ED94F-5197-460B-9B6F-C3E0802193F7}
		{BCE6B57D-2CBF-4B5D-A80C-91B21D367B58} = {261ED94F-5197-460B-9B6F-C3E0802193F7}
		{DB77C912-4342-4B9D-93B3-21824168953D} = {261ED94F-5197-460B-9B6F-C3E0802193F7}
		{62AE01BE-B705-4CFE-BB94-4EFA8AD5D640} = {261ED94F-5197-460B-9B6F-C3E0802193F7}
		{EDEC32C5-5646-4581-83F4-0BAC65CD4E61} = {261ED94F-5197-460B-9B6F-C3E0802193F7}
		{93BD8A34-DE33-4476-97D2-19A084BD4A48} = {9F482526-4BE5-432B-867D-12DB99E95A74}
		{49958F4C-03BE-4BC4-A2A7-9B04582BBB64} = {BC12B1CE-3F9C-453D-8081-6149009ACA62}
		{5BAFE29F-39A6-4653-8AB4-DB53A05BCA13} = {62AE01BE-B705-4CFE-BB94-4EFA8AD5D640}
		{3409DFF2-5473-4ADE-9917-C7121008D7E9} = {62AE01BE-B705-4CFE-BB94-4EFA8AD5D640}
		{5B219BA4-1899-45AF-A36E-2E33594451A1} = {62AE01BE-B705-4CFE-BB94-4EFA8AD5D640}
		{ADFE2DC7-0A01-48EB-B5D2-B3D3129E6932} = {62AE01BE-B705-4CFE-BB94-4EFA8AD5D640}
		{9F482526-4BE5-432B-867D-12DB99E95A74} = {CAF6C396-AE23-4A29-A4A3-F7393F380606}
		{351EE22A-AC96-4520-B181-E03755B9D04F} = {CAF6C396-AE23-4A29-A4A3-F7393F380606}
		{590FAC53-CDC0-4584-B51A-B9FFDB53ACFC} = {351EE22A-AC96-4520-B181-E03755B9D04F}
		{D27148A0-CA97-4797-8A64-2AF53154429A} = {351EE22A-AC96-4520-B181-E03755B9D04F}
		{3831A28E-B7D6-45AE-BFBE-09AC4E5768E3} = {7AC903F9-F261-462F-AC8A-3C11E60E048A}
		{1BBC0F6D-4069-4C34-B07B-FD8663F11908} = {EDEC32C5-5646-4581-83F4-0BAC65CD4E61}
		{7AC903F9-F261-462F-AC8A-3C11E60E048A} = {1BBC0F6D-4069-4C34-B07B-FD8663F11908}
		{C727BD23-F9DE-4AF6-8237-277F329EDA9D} = {1BBC0F6D-4069-4C34-B07B-FD8663F11908}
		{28AB039F-180A-4C8A-B20B-09CE1231777A} = {C727BD23-F9DE-4AF6-8237-277F329EDA9D}
		{2660615D-2920-4B89-9E71-A150F164055C} = {BC12B1CE-3F9C-453D-8081-6149009ACA62}
		{ED0BBAD4-52FE-443C-BDC6-E13635348CBE} = {BC12B1CE-3F9C-453D-8081-6149009ACA62}
		{23263B5B-801F-455D-A6B0-A17D28319F42} = {BC12B1CE-3F9C-453D-8081-6149009ACA62}
		{F96147E0-39A9-4B99-9C83-786E9EB80045} = {DB77C912-4342-4B9D-93B3-21824168953D}
		{A39A5B2E-66CB-41B5-B3BA-1B39297BD5CA} = {DB77C912-4342-4B9D-93B3-21824168953D}
		{B655801E-3FB2-4726-8442-D26F0034A337} = {DB77C912-4342-4B9D-93B3-21824168953D}
		{3356B93E-588A-436F-BF8C-3CBA99B953A8} = {DB77C912-4342-4B9D-93B3-21824168953D}
		{6A74D52A-8DE2-412B-9AEE-249897FC1089} = {BCE6B57D-2CBF-4B5D-A80C-91B21D367B58}
		{7E5689C4-44FC-4BB7-9F21-9BC19700E9D2} = {BCE6B57D-2CBF-4B5D-A80C-91B21D367B58}
		{28572D7B-B794-4A93-9299-5EE67EE73CFE} = {BCE6B57D-2CBF-4B5D-A80C-91B21D367B58}
		{C94056E5-1799-4AFF-AC05-8A033F08EE0A} = {BCE6B57D-2CBF-4B5D-A80C-91B21D367B58}
		{C57D291B-5E81-4698-802B-22EA4779157D} = {93BD8A34-DE33-4476-97D2-19A084BD4A48}
		{EFCEC6CE-4AC4-4467-853F-8CB6CF6814BB} = {49958F4C-03BE-4BC4-A2A7-9B04582BBB64}
		{24BB593A-4EEE-4597-AFFC-ECB4D21CD725} = {49958F4C-03BE-4BC4-A2A7-9B04582BBB64}
		{361FDCD1-4D17-44AE-911F-F6B65CB6D846} = {49958F4C-03BE-4BC4-A2A7-9B04582BBB64}
		{9F1B1121-66E8-4E2F-A482-5D52BDADF22B} = {49958F4C-03BE-4BC4-A2A7-9B04582BBB64}
		{4D68E671-5681-4EDA-B238-074D512D3965} = {49958F4C-03BE-4BC4-A2A7-9B04582BBB64}
		{7C9741E6-5498-44D4-9464-7FB936159212} = {93BD8A34-DE33-4476-97D2-19A084BD4A48}
		{F05B54AB-D178-400E-BE3E-9A3042E68661} = {306EA200-0CA3-41E0-8877-91656BF05BD2}
		{22DA56C1-7762-4175-8C98-1E8E738CCB9F} = {29F32913-F040-4AEB-BF75-D13AAA8271AC}
		{027DDDB7-1829-49C5-891B-B37BE4BFCCBA} = {29F32913-F040-4AEB-BF75-D13AAA8271AC}
		{A294255B-48BB-49EB-9356-D547F07DE108} = {7AFBCA32-61FE-4B1D-A377-29FDED10441C}
		{7AB52B58-EA61-49E3-BE69-0814DA21AF66} = {1DA159C8-90C4-4281-BD8E-514EF1B0CF3E}
		{91DB6DD4-EE4B-4780-87C4-AB63C8C469E4} = {1DA159C8-90C4-4281-BD8E-514EF1B0CF3E}
		{9BA2F5E7-CFEC-4671-8043-3C159EDEB3ED} = {1DA159C8-90C4-4281-BD8E-514EF1B0CF3E}
	EndGlobalSection
	GlobalSection(ExtensibilityGlobals) = postSolution
		SolutionGuid = {E490D0C8-C5A7-4F24-8A9B-CE1635508778}
	EndGlobalSection
EndGlobal
