Microsoft Visual Studio Solution File, Format Version 12.00
# Visual Studio Version 16
VisualStudioVersion = 16.0.29215.179
MinimumVisualStudioVersion = 10.0.40219.1
Project("{2150E333-8FDC-42A3-9474-1A3956D46DE8}") = "BackEnd", "BackEnd", "{261ED94F-5197-460B-9B6F-C3E0802193F7}"
EndProject
Project("{2150E333-8FDC-42A3-9474-1A3956D46DE8}") = "Desktop", "Desktop", "{8FC77051-A10F-47B7-99C0-44F9EA5ABABE}"
EndProject
Project("{2150E333-8FDC-42A3-9474-1A3956D46DE8}") = "WEB", "WEB", "{1DA159C8-90C4-4281-BD8E-514EF1B0CF3E}"
EndProject
Project("{2150E333-8FDC-42A3-9474-1A3956D46DE8}") = "CsharpAvanzado", "CsharpAvanzado", "{5EEDFFB6-A61A-4215-A57F-88B24B5073F8}"
EndProject
Project("{9A19103F-16F7-4668-BE54-9A1E7A4F7556}") = "CompilacionInstalacion", "Desktop\CompilacionInstalacion\CompilacionInstalacion.csproj", "{8CABEDDB-CFB4-4FBA-AF82-E1E4F61DA5E7}"
EndProject
Project("{9A19103F-16F7-4668-BE54-9A1E7A4F7556}") = "ConsoleDesign", "Desktop\ConsoleDesign\ConsoleDesign.csproj", "{4B99397C-0463-40DF-8151-71339EB054C5}"
EndProject
Project("{2150E333-8FDC-42A3-9474-1A3956D46DE8}") = "_Configs", "_Configs", "{4233726F-ADE3-4D58-BEEA-80F16678477C}"
	ProjectSection(SolutionItems) = preProject
		.editorconfig = .editorconfig
		nuget.config = nuget.config
	EndProjectSection
EndProject
Project("{2150E333-8FDC-42A3-9474-1A3956D46DE8}") = "Desktop Design", "Desktop Design", "{0668E463-2FB9-4D83-8FD5-BABAF6E85BDB}"
EndProject
Project("{2150E333-8FDC-42A3-9474-1A3956D46DE8}") = "Console Design", "Console Design", "{2BAD429E-8340-4392-8BE0-CFBE712E7623}"
EndProject
Project("{9A19103F-16F7-4668-BE54-9A1E7A4F7556}") = "1erEjecicio", "Desktop\DAM-WPF\1erEjecicio\1erEjecicio.csproj", "{0DC8F180-7670-4C1E-A64F-3219395778B2}"
EndProject
Project("{9A19103F-16F7-4668-BE54-9A1E7A4F7556}") = "EjercicioPong", "Desktop\DAM-WPF\EjercicioPong\EjercicioPong.csproj", "{1DC0C7DA-9A74-4E20-84F5-A4F69AB4CA6D}"
EndProject
Project("{9A19103F-16F7-4668-BE54-9A1E7A4F7556}") = "TresEnRaya", "Desktop\DAM-WPF\TresEnRaya\TresEnRaya.csproj", "{F503E49A-EA88-49DD-AB86-DEA7892AECDC}"
EndProject
Project("{2150E333-8FDC-42A3-9474-1A3956D46DE8}") = "Examen", "Examen", "{F0B91C0A-7144-4E7D-AE08-8BAF785FF12B}"
EndProject
Project("{9A19103F-16F7-4668-BE54-9A1E7A4F7556}") = "Calculadora", "Desktop\DAM-WPF\Calculadora\Calculadora.csproj", "{E3B78AA0-8B4E-4E64-9540-DC97370A7D30}"
EndProject
Project("{9A19103F-16F7-4668-BE54-9A1E7A4F7556}") = "CalculadoraComponente", "Desktop\DAM-WPF\CalculadoraComponente\CalculadoraComponente.csproj", "{5913D895-F101-4C3B-ADFC-2854D73A7443}"
EndProject
Project("{2150E333-8FDC-42A3-9474-1A3956D46DE8}") = "WebApi", "WebApi", "{38CF5FB2-3D50-4B13-8314-F700B05383F3}"
EndProject
Project("{2150E333-8FDC-42A3-9474-1A3956D46DE8}") = "RazorPages", "RazorPages", "{705D7CC0-0571-45E6-906D-62964ADFC926}"
EndProject
Project("{2150E333-8FDC-42A3-9474-1A3956D46DE8}") = "MVC", "MVC", "{9C4484F2-95BA-47D0-88D0-12FAEDEF9461}"
EndProject
Project("{9A19103F-16F7-4668-BE54-9A1E7A4F7556}") = "BackApi", "WEB\WebAPI\BackApi\BackApi.csproj", "{BA3559AC-24F5-4861-8AD4-6B2A3A1BAA60}"
EndProject
Project("{9A19103F-16F7-4668-BE54-9A1E7A4F7556}") = "FrontApi", "WEB\WebAPI\FrontApi\FrontApi.csproj", "{F5F3B490-69BB-47C6-A651-32DDF32FD6FE}"
EndProject
Project("{9A19103F-16F7-4668-BE54-9A1E7A4F7556}") = "RazorPagesWeb", "WEB\RazorPages\RazorPagesWeb\RazorPagesWeb.csproj", "{7BA637F1-8F99-4535-8509-34789B5C8D3E}"
EndProject
Project("{9A19103F-16F7-4668-BE54-9A1E7A4F7556}") = "ProyectoMVC", "WEB\MVC\ProyectoMVC\ProyectoMVC.csproj", "{3C31CA30-FFA8-4A47-99B7-B204D8D6E82A}"
EndProject
Project("{9A19103F-16F7-4668-BE54-9A1E7A4F7556}") = "BasesDeDatos", "BackEnd\CsharpAvanzado\BasesDeDatos\BasesDeDatos.csproj", "{91A7C14F-318F-4C05-A535-88836AA8FD4C}"
EndProject
Project("{9A19103F-16F7-4668-BE54-9A1E7A4F7556}") = "CifradoArchivos", "BackEnd\CsharpAvanzado\CifradoArchivos\CifradoArchivos.csproj", "{FAA0773C-5EB8-4BE3-9B63-B702A1DF21F4}"
EndProject
Project("{9A19103F-16F7-4668-BE54-9A1E7A4F7556}") = "ConexionesInternetCSharp", "BackEnd\CsharpAvanzado\ConexionesInternetCSharp\ConexionesInternetCSharp.csproj", "{008C9D8E-ACA8-4D3A-B09A-CFB995EECE7E}"
EndProject
Project("{9A19103F-16F7-4668-BE54-9A1E7A4F7556}") = "Escritura_Lectura", "BackEnd\CsharpAvanzado\Escritura_Lectura\Escritura_Lectura.csproj", "{4B6F3313-3028-4D76-9DCF-064E0A6D6579}"
EndProject
Project("{9A19103F-16F7-4668-BE54-9A1E7A4F7556}") = "SincroniaAsincronia", "BackEnd\CsharpAvanzado\SincroniaAsincronia\SincroniaAsincronia.csproj", "{3A1AF118-C2FC-4C9A-BB2B-9950BFA66648}"
EndProject
Project("{2150E333-8FDC-42A3-9474-1A3956D46DE8}") = "BBDD_SqliteLocal_InyeccionDependencias", "BBDD_SqliteLocal_InyeccionDependencias", "{37A888F1-4977-4AD2-8410-BDC61418241B}"
EndProject
Project("{2150E333-8FDC-42A3-9474-1A3956D46DE8}") = "VariasBBDD", "VariasBBDD", "{9566D036-19F0-44EE-8E2B-D5271805E5E9}"
EndProject
Project("{2150E333-8FDC-42A3-9474-1A3956D46DE8}") = "BBDD_SqlServerRemota", "BBDD_SqlServerRemota", "{6DBDEB1E-513B-4892-8FBF-2AABF4E8BE40}"
EndProject
Project("{2150E333-8FDC-42A3-9474-1A3956D46DE8}") = "EntityFrameworkCore", "EntityFrameworkCore", "{9296FDDC-EE9E-4219-8361-18687335E65E}"
EndProject
Project("{9A19103F-16F7-4668-BE54-9A1E7A4F7556}") = "PrincipalConMainDeProyecto", "BackEnd\EntityFrameworkCore\VariasBBDD\PrincipalConMainDeProyecto\PrincipalConMainDeProyecto.csproj", "{60FB20C4-E121-4ADF-9220-B7C9B12818A8}"
EndProject
Project("{9A19103F-16F7-4668-BE54-9A1E7A4F7556}") = "LibCoreContexto", "BackEnd\EntityFrameworkCore\VariasBBDD\LibCoreContexto\LibCoreContexto.csproj", "{331F1B10-210E-4551-837E-FA2E4304918E}"
EndProject
Project("{9A19103F-16F7-4668-BE54-9A1E7A4F7556}") = "UpdateDatabaseMigrations", "BackEnd\EntityFrameworkCore\VariasBBDD\UpdateDatabaseMigrations\UpdateDatabaseMigrations.csproj", "{61B87D16-ECF4-4632-8BF8-872C429CEE4B}"
EndProject
Project("{2150E333-8FDC-42A3-9474-1A3956D46DE8}") = "1-FrontEnd", "1-FrontEnd", "{7056B23C-90D1-4566-A02C-2808AC48F8F6}"
EndProject
Project("{2150E333-8FDC-42A3-9474-1A3956D46DE8}") = "2-BackEnd", "2-BackEnd", "{B64177E0-7256-4113-A447-C93E583F2BF9}"
EndProject
Project("{2150E333-8FDC-42A3-9474-1A3956D46DE8}") = "3-ToolsMigrations", "3-ToolsMigrations", "{916AE965-4D8C-4B35-AD3D-C182B7E8933F}"
EndProject
Project("{9A19103F-16F7-4668-BE54-9A1E7A4F7556}") = "Apuntes.Migrations.SqlServer", "BackEnd\EntityFrameworkCore\BBDD_SqlServerRemota\Apuntes.Migrations.SqlServer\Apuntes.Migrations.SqlServer.csproj", "{388395A8-500C-4A00-A71F-5A7023FE8E10}"
EndProject
Project("{2150E333-8FDC-42A3-9474-1A3956D46DE8}") = "3_Update-Database", "3_Update-Database", "{812DDCEB-07F9-4D1A-A487-B851E10DD050}"
EndProject
Project("{2150E333-8FDC-42A3-9474-1A3956D46DE8}") = "1-ParteDeFront", "1-ParteDeFront", "{A0BA23CE-6A44-4AB2-B846-A948369D62EF}"
EndProject
Project("{2150E333-8FDC-42A3-9474-1A3956D46DE8}") = "2-ParteBackEnd_Core", "2-ParteBackEnd_Core", "{E8A7B2B3-0EC1-48B6-AC42-5DF79448346D}"
EndProject
Project("{2150E333-8FDC-42A3-9474-1A3956D46DE8}") = "1_ParteFrontEnd", "1_ParteFrontEnd", "{586C7DD3-70B4-41EB-A855-938838B7E502}"
EndProject
Project("{2150E333-8FDC-42A3-9474-1A3956D46DE8}") = "2_ParteDeBackEnd_Core", "2_ParteDeBackEnd_Core", "{AD860D5D-789D-43EB-92AC-DDC2F41FBB34}"
EndProject
Project("{2150E333-8FDC-42A3-9474-1A3956D46DE8}") = "Migrations_etc", "Migrations_etc", "{7D6A8882-0D56-4419-8832-4E0E70332319}"
EndProject
Project("{9A19103F-16F7-4668-BE54-9A1E7A4F7556}") = "Apuntes.WPF.Presentacion", "BackEnd\EntityFrameworkCore\BBDD_SqliteLocal\Apuntes.WPF.Presentacion\Apuntes.WPF.Presentacion.csproj", "{ED180BF7-D436-44C1-8FB8-AD21D160C63E}"
EndProject
Project("{9A19103F-16F7-4668-BE54-9A1E7A4F7556}") = "Apuntes.Back.Core", "BackEnd\EntityFrameworkCore\BBDD_SqlServerRemota\Apuntes.Back.Core\Apuntes.Back.Core.csproj", "{7197976F-5C20-4DD3-A1FE-64EE84B37720}"
EndProject
Project("{9A19103F-16F7-4668-BE54-9A1E7A4F7556}") = "Apuntes.FrontEnd.Presentacion", "BackEnd\EntityFrameworkCore\BBDD_SqlServerRemota\Apuntes.FrontEnd.Presentacion\Apuntes.FrontEnd.Presentacion.csproj", "{B9F1A9DD-D6CA-4806-B964-B9C4D0035E39}"
EndProject
Project("{9A19103F-16F7-4668-BE54-9A1E7A4F7556}") = "Apuntes.BackLocal.Core", "BackEnd\EntityFrameworkCore\BBDD_SqliteLocal\Apuntes.BackLocal.Core\Apuntes.BackLocal.Core.csproj", "{F7BDA648-F850-431E-80AA-4EA270DAFE4B}"
EndProject
Project("{9A19103F-16F7-4668-BE54-9A1E7A4F7556}") = "Apuntes.Console.Presentacion", "BackEnd\EntityFrameworkCore\BBDD_SqliteLocal\Apuntes.Console.Presentacion\Apuntes.Console.Presentacion.csproj", "{3CC5F82A-0EEB-43D7-88EB-BB0D61FEBEDC}"
EndProject
Project("{9A19103F-16F7-4668-BE54-9A1E7A4F7556}") = "Electron.NET", "Desktop\Electron.NET\Electron.NET.csproj", "{68656FA9-D686-45A1-9299-668EBCA41C59}"
EndProject
Project("{2150E333-8FDC-42A3-9474-1A3956D46DE8}") = "Avalonia", "Avalonia", "{C60F8B14-C919-4B1C-A55B-C6B027C172F5}"
EndProject
Project("{9A19103F-16F7-4668-BE54-9A1E7A4F7556}") = "AvaloniaWPF", "Desktop\Avalonia\AvaloniaWPF\AvaloniaWPF.csproj", "{3489C772-0E94-4413-AC7E-5DC2577CD921}"
EndProject
Project("{2150E333-8FDC-42A3-9474-1A3956D46DE8}") = "BBDD_Sqlite_ContextFactoryParallel", "BBDD_Sqlite_ContextFactoryParallel", "{201842E7-C04D-4A5F-84B5-C53CBB2B6D1E}"
EndProject
Project("{9A19103F-16F7-4668-BE54-9A1E7A4F7556}") = "ParallelQueries.BackLocal.Core", "BackEnd\EntityFrameworkCore\BBDD_Sqlite_ContextFactoryParallel\ParallelQueries.BackLocal.Core\ParallelQueries.BackLocal.Core.csproj", "{158042E4-2E6A-46B0-9224-3B23D9AB9C97}"
EndProject
Project("{9A19103F-16F7-4668-BE54-9A1E7A4F7556}") = "ParallelQueries.Migrations.LocalDB", "BackEnd\EntityFrameworkCore\BBDD_Sqlite_ContextFactoryParallel\ParallelQueries.Migrations.LocalDB\ParallelQueries.Migrations.LocalDB.csproj", "{96F750D3-04B3-43F1-8A47-4ED9D6811095}"
EndProject
Project("{9A19103F-16F7-4668-BE54-9A1E7A4F7556}") = "ParallelQueries.Console.Presentacion", "BackEnd\EntityFrameworkCore\BBDD_Sqlite_ContextFactoryParallel\ParallelQueries.Console.Presentacion\ParallelQueries.Console.Presentacion.csproj", "{891B8754-0B03-4BB7-BC4D-D81F2BD4700C}"
EndProject
Project("{9A19103F-16F7-4668-BE54-9A1E7A4F7556}") = "DataAccessLayer", "WEB\WebAPI\DataAccessLayer\DataAccessLayer.csproj", "{3CF40562-0E39-4803-A7CF-21B308382D64}"
EndProject
Project("{2150E333-8FDC-42A3-9474-1A3956D46DE8}") = "01_FrontEnd", "01_FrontEnd", "{306EA200-0CA3-41E0-8877-91656BF05BD2}"
EndProject
Project("{2150E333-8FDC-42A3-9474-1A3956D46DE8}") = "02_BackEnd", "02_BackEnd", "{29F32913-F040-4AEB-BF75-D13AAA8271AC}"
EndProject
Project("{2150E333-8FDC-42A3-9474-1A3956D46DE8}") = "03_Utilities", "03_Utilities", "{7AFBCA32-61FE-4B1D-A377-29FDED10441C}"
EndProject
Project("{9A19103F-16F7-4668-BE54-9A1E7A4F7556}") = "Migrations", "WEB\WebAPI\Migrations\Migrations.csproj", "{8610CDCF-2B58-4784-8194-B37025646C3B}"
EndProject
Project("{9A19103F-16F7-4668-BE54-9A1E7A4F7556}") = "Apuntes.BackLocal.DataAccessLayer", "BackEnd\EntityFrameworkCore\BBDD_SqliteLocal\Apuntes.BackLocal.DataAccessLayer\Apuntes.BackLocal.DataAccessLayer.csproj", "{84889348-C295-490A-BBDB-A85CF22AEA9E}"
EndProject
Project("{9A19103F-16F7-4668-BE54-9A1E7A4F7556}") = "Apuntes.Migrations.SqliteLocal", "BackEnd\EntityFrameworkCore\BBDD_SqliteLocal\Apuntes.Migrations.SqliteLocal\Apuntes.Migrations.SqliteLocal.csproj", "{F1BCDBF9-752B-40E2-8A71-44F731E50F75}"
EndProject
Project("{2150E333-8FDC-42A3-9474-1A3956D46DE8}") = "PluginsEnApps", "PluginsEnApps", "{6FF492B8-DC9B-4E6E-A8F5-BE4685D006EE}"
EndProject
Project("{9A19103F-16F7-4668-BE54-9A1E7A4F7556}") = "AplicacionToExtender", "BackEnd\PluginsEnApps\AplicacionToExtender\AplicacionToExtender.csproj", "{9BF2D64E-5E76-446F-B912-63F2BD55F49D}"
EndProject
Project("{9A19103F-16F7-4668-BE54-9A1E7A4F7556}") = "PluginAPI", "BackEnd\PluginsEnApps\PluginAPI\PluginAPI.csproj", "{6DF40625-40BA-4AD7-8FCB-D7512DA71FFC}"
EndProject
Project("{9A19103F-16F7-4668-BE54-9A1E7A4F7556}") = "PluginDeEjemplo", "BackEnd\PluginsEnApps\PluginDeEjemplo\PluginDeEjemplo.csproj", "{366E34EE-208E-4B1D-8879-F154DF7A2455}"
EndProject
Global
	GlobalSection(SolutionConfigurationPlatforms) = preSolution
		Debug|Any CPU = Debug|Any CPU
		Release|Any CPU = Release|Any CPU
	EndGlobalSection
	GlobalSection(ProjectConfigurationPlatforms) = postSolution
		{8CABEDDB-CFB4-4FBA-AF82-E1E4F61DA5E7}.Debug|Any CPU.ActiveCfg = Debug|Any CPU
		{8CABEDDB-CFB4-4FBA-AF82-E1E4F61DA5E7}.Debug|Any CPU.Build.0 = Debug|Any CPU
		{8CABEDDB-CFB4-4FBA-AF82-E1E4F61DA5E7}.Release|Any CPU.ActiveCfg = Release|Any CPU
		{8CABEDDB-CFB4-4FBA-AF82-E1E4F61DA5E7}.Release|Any CPU.Build.0 = Release|Any CPU
		{4B99397C-0463-40DF-8151-71339EB054C5}.Debug|Any CPU.ActiveCfg = Debug|Any CPU
		{4B99397C-0463-40DF-8151-71339EB054C5}.Debug|Any CPU.Build.0 = Debug|Any CPU
		{4B99397C-0463-40DF-8151-71339EB054C5}.Release|Any CPU.ActiveCfg = Release|Any CPU
		{4B99397C-0463-40DF-8151-71339EB054C5}.Release|Any CPU.Build.0 = Release|Any CPU
		{0DC8F180-7670-4C1E-A64F-3219395778B2}.Debug|Any CPU.ActiveCfg = Debug|Any CPU
		{0DC8F180-7670-4C1E-A64F-3219395778B2}.Debug|Any CPU.Build.0 = Debug|Any CPU
		{0DC8F180-7670-4C1E-A64F-3219395778B2}.Release|Any CPU.ActiveCfg = Release|Any CPU
		{0DC8F180-7670-4C1E-A64F-3219395778B2}.Release|Any CPU.Build.0 = Release|Any CPU
		{1DC0C7DA-9A74-4E20-84F5-A4F69AB4CA6D}.Debug|Any CPU.ActiveCfg = Debug|Any CPU
		{1DC0C7DA-9A74-4E20-84F5-A4F69AB4CA6D}.Debug|Any CPU.Build.0 = Debug|Any CPU
		{1DC0C7DA-9A74-4E20-84F5-A4F69AB4CA6D}.Release|Any CPU.ActiveCfg = Release|Any CPU
		{1DC0C7DA-9A74-4E20-84F5-A4F69AB4CA6D}.Release|Any CPU.Build.0 = Release|Any CPU
		{F503E49A-EA88-49DD-AB86-DEA7892AECDC}.Debug|Any CPU.ActiveCfg = Debug|Any CPU
		{F503E49A-EA88-49DD-AB86-DEA7892AECDC}.Debug|Any CPU.Build.0 = Debug|Any CPU
		{F503E49A-EA88-49DD-AB86-DEA7892AECDC}.Release|Any CPU.ActiveCfg = Release|Any CPU
		{F503E49A-EA88-49DD-AB86-DEA7892AECDC}.Release|Any CPU.Build.0 = Release|Any CPU
		{E3B78AA0-8B4E-4E64-9540-DC97370A7D30}.Debug|Any CPU.ActiveCfg = Debug|Any CPU
		{E3B78AA0-8B4E-4E64-9540-DC97370A7D30}.Debug|Any CPU.Build.0 = Debug|Any CPU
		{E3B78AA0-8B4E-4E64-9540-DC97370A7D30}.Release|Any CPU.ActiveCfg = Release|Any CPU
		{E3B78AA0-8B4E-4E64-9540-DC97370A7D30}.Release|Any CPU.Build.0 = Release|Any CPU
		{5913D895-F101-4C3B-ADFC-2854D73A7443}.Debug|Any CPU.ActiveCfg = Debug|Any CPU
		{5913D895-F101-4C3B-ADFC-2854D73A7443}.Debug|Any CPU.Build.0 = Debug|Any CPU
		{5913D895-F101-4C3B-ADFC-2854D73A7443}.Release|Any CPU.ActiveCfg = Release|Any CPU
		{5913D895-F101-4C3B-ADFC-2854D73A7443}.Release|Any CPU.Build.0 = Release|Any CPU
		{BA3559AC-24F5-4861-8AD4-6B2A3A1BAA60}.Debug|Any CPU.ActiveCfg = Debug|Any CPU
		{BA3559AC-24F5-4861-8AD4-6B2A3A1BAA60}.Debug|Any CPU.Build.0 = Debug|Any CPU
		{BA3559AC-24F5-4861-8AD4-6B2A3A1BAA60}.Release|Any CPU.ActiveCfg = Release|Any CPU
		{BA3559AC-24F5-4861-8AD4-6B2A3A1BAA60}.Release|Any CPU.Build.0 = Release|Any CPU
		{F5F3B490-69BB-47C6-A651-32DDF32FD6FE}.Debug|Any CPU.ActiveCfg = Debug|Any CPU
		{F5F3B490-69BB-47C6-A651-32DDF32FD6FE}.Debug|Any CPU.Build.0 = Debug|Any CPU
		{F5F3B490-69BB-47C6-A651-32DDF32FD6FE}.Release|Any CPU.ActiveCfg = Release|Any CPU
		{F5F3B490-69BB-47C6-A651-32DDF32FD6FE}.Release|Any CPU.Build.0 = Release|Any CPU
		{7BA637F1-8F99-4535-8509-34789B5C8D3E}.Debug|Any CPU.ActiveCfg = Debug|Any CPU
		{7BA637F1-8F99-4535-8509-34789B5C8D3E}.Debug|Any CPU.Build.0 = Debug|Any CPU
		{7BA637F1-8F99-4535-8509-34789B5C8D3E}.Release|Any CPU.ActiveCfg = Release|Any CPU
		{7BA637F1-8F99-4535-8509-34789B5C8D3E}.Release|Any CPU.Build.0 = Release|Any CPU
		{3C31CA30-FFA8-4A47-99B7-B204D8D6E82A}.Debug|Any CPU.ActiveCfg = Debug|Any CPU
		{3C31CA30-FFA8-4A47-99B7-B204D8D6E82A}.Debug|Any CPU.Build.0 = Debug|Any CPU
		{3C31CA30-FFA8-4A47-99B7-B204D8D6E82A}.Release|Any CPU.ActiveCfg = Release|Any CPU
		{3C31CA30-FFA8-4A47-99B7-B204D8D6E82A}.Release|Any CPU.Build.0 = Release|Any CPU
		{91A7C14F-318F-4C05-A535-88836AA8FD4C}.Debug|Any CPU.ActiveCfg = Debug|Any CPU
		{91A7C14F-318F-4C05-A535-88836AA8FD4C}.Debug|Any CPU.Build.0 = Debug|Any CPU
		{91A7C14F-318F-4C05-A535-88836AA8FD4C}.Release|Any CPU.ActiveCfg = Release|Any CPU
		{91A7C14F-318F-4C05-A535-88836AA8FD4C}.Release|Any CPU.Build.0 = Release|Any CPU
		{FAA0773C-5EB8-4BE3-9B63-B702A1DF21F4}.Debug|Any CPU.ActiveCfg = Debug|Any CPU
		{FAA0773C-5EB8-4BE3-9B63-B702A1DF21F4}.Debug|Any CPU.Build.0 = Debug|Any CPU
		{FAA0773C-5EB8-4BE3-9B63-B702A1DF21F4}.Release|Any CPU.ActiveCfg = Release|Any CPU
		{FAA0773C-5EB8-4BE3-9B63-B702A1DF21F4}.Release|Any CPU.Build.0 = Release|Any CPU
		{008C9D8E-ACA8-4D3A-B09A-CFB995EECE7E}.Debug|Any CPU.ActiveCfg = Debug|Any CPU
		{008C9D8E-ACA8-4D3A-B09A-CFB995EECE7E}.Debug|Any CPU.Build.0 = Debug|Any CPU
		{008C9D8E-ACA8-4D3A-B09A-CFB995EECE7E}.Release|Any CPU.ActiveCfg = Release|Any CPU
		{008C9D8E-ACA8-4D3A-B09A-CFB995EECE7E}.Release|Any CPU.Build.0 = Release|Any CPU
		{4B6F3313-3028-4D76-9DCF-064E0A6D6579}.Debug|Any CPU.ActiveCfg = Debug|Any CPU
		{4B6F3313-3028-4D76-9DCF-064E0A6D6579}.Debug|Any CPU.Build.0 = Debug|Any CPU
		{4B6F3313-3028-4D76-9DCF-064E0A6D6579}.Release|Any CPU.ActiveCfg = Release|Any CPU
		{4B6F3313-3028-4D76-9DCF-064E0A6D6579}.Release|Any CPU.Build.0 = Release|Any CPU
		{3A1AF118-C2FC-4C9A-BB2B-9950BFA66648}.Debug|Any CPU.ActiveCfg = Debug|Any CPU
		{3A1AF118-C2FC-4C9A-BB2B-9950BFA66648}.Debug|Any CPU.Build.0 = Debug|Any CPU
		{3A1AF118-C2FC-4C9A-BB2B-9950BFA66648}.Release|Any CPU.ActiveCfg = Release|Any CPU
		{3A1AF118-C2FC-4C9A-BB2B-9950BFA66648}.Release|Any CPU.Build.0 = Release|Any CPU
		{60FB20C4-E121-4ADF-9220-B7C9B12818A8}.Debug|Any CPU.ActiveCfg = Debug|Any CPU
		{60FB20C4-E121-4ADF-9220-B7C9B12818A8}.Debug|Any CPU.Build.0 = Debug|Any CPU
		{60FB20C4-E121-4ADF-9220-B7C9B12818A8}.Release|Any CPU.ActiveCfg = Release|Any CPU
		{60FB20C4-E121-4ADF-9220-B7C9B12818A8}.Release|Any CPU.Build.0 = Release|Any CPU
		{331F1B10-210E-4551-837E-FA2E4304918E}.Debug|Any CPU.ActiveCfg = Debug|Any CPU
		{331F1B10-210E-4551-837E-FA2E4304918E}.Debug|Any CPU.Build.0 = Debug|Any CPU
		{331F1B10-210E-4551-837E-FA2E4304918E}.Release|Any CPU.ActiveCfg = Release|Any CPU
		{331F1B10-210E-4551-837E-FA2E4304918E}.Release|Any CPU.Build.0 = Release|Any CPU
		{61B87D16-ECF4-4632-8BF8-872C429CEE4B}.Debug|Any CPU.ActiveCfg = Debug|Any CPU
		{61B87D16-ECF4-4632-8BF8-872C429CEE4B}.Debug|Any CPU.Build.0 = Debug|Any CPU
		{61B87D16-ECF4-4632-8BF8-872C429CEE4B}.Release|Any CPU.ActiveCfg = Release|Any CPU
		{61B87D16-ECF4-4632-8BF8-872C429CEE4B}.Release|Any CPU.Build.0 = Release|Any CPU
		{388395A8-500C-4A00-A71F-5A7023FE8E10}.Debug|Any CPU.ActiveCfg = Debug|Any CPU
		{388395A8-500C-4A00-A71F-5A7023FE8E10}.Debug|Any CPU.Build.0 = Debug|Any CPU
		{388395A8-500C-4A00-A71F-5A7023FE8E10}.Release|Any CPU.ActiveCfg = Release|Any CPU
		{388395A8-500C-4A00-A71F-5A7023FE8E10}.Release|Any CPU.Build.0 = Release|Any CPU
		{ED180BF7-D436-44C1-8FB8-AD21D160C63E}.Debug|Any CPU.ActiveCfg = Debug|Any CPU
		{ED180BF7-D436-44C1-8FB8-AD21D160C63E}.Debug|Any CPU.Build.0 = Debug|Any CPU
		{ED180BF7-D436-44C1-8FB8-AD21D160C63E}.Release|Any CPU.ActiveCfg = Release|Any CPU
		{ED180BF7-D436-44C1-8FB8-AD21D160C63E}.Release|Any CPU.Build.0 = Release|Any CPU
		{7197976F-5C20-4DD3-A1FE-64EE84B37720}.Debug|Any CPU.ActiveCfg = Debug|Any CPU
		{7197976F-5C20-4DD3-A1FE-64EE84B37720}.Debug|Any CPU.Build.0 = Debug|Any CPU
		{7197976F-5C20-4DD3-A1FE-64EE84B37720}.Release|Any CPU.ActiveCfg = Release|Any CPU
		{7197976F-5C20-4DD3-A1FE-64EE84B37720}.Release|Any CPU.Build.0 = Release|Any CPU
		{B9F1A9DD-D6CA-4806-B964-B9C4D0035E39}.Debug|Any CPU.ActiveCfg = Debug|Any CPU
		{B9F1A9DD-D6CA-4806-B964-B9C4D0035E39}.Debug|Any CPU.Build.0 = Debug|Any CPU
		{B9F1A9DD-D6CA-4806-B964-B9C4D0035E39}.Release|Any CPU.ActiveCfg = Release|Any CPU
		{B9F1A9DD-D6CA-4806-B964-B9C4D0035E39}.Release|Any CPU.Build.0 = Release|Any CPU
		{F7BDA648-F850-431E-80AA-4EA270DAFE4B}.Debug|Any CPU.ActiveCfg = Debug|Any CPU
		{F7BDA648-F850-431E-80AA-4EA270DAFE4B}.Debug|Any CPU.Build.0 = Debug|Any CPU
		{F7BDA648-F850-431E-80AA-4EA270DAFE4B}.Release|Any CPU.ActiveCfg = Release|Any CPU
		{F7BDA648-F850-431E-80AA-4EA270DAFE4B}.Release|Any CPU.Build.0 = Release|Any CPU
		{3CC5F82A-0EEB-43D7-88EB-BB0D61FEBEDC}.Debug|Any CPU.ActiveCfg = Debug|Any CPU
		{3CC5F82A-0EEB-43D7-88EB-BB0D61FEBEDC}.Debug|Any CPU.Build.0 = Debug|Any CPU
		{3CC5F82A-0EEB-43D7-88EB-BB0D61FEBEDC}.Release|Any CPU.ActiveCfg = Release|Any CPU
		{3CC5F82A-0EEB-43D7-88EB-BB0D61FEBEDC}.Release|Any CPU.Build.0 = Release|Any CPU
		{68656FA9-D686-45A1-9299-668EBCA41C59}.Debug|Any CPU.ActiveCfg = Debug|Any CPU
		{68656FA9-D686-45A1-9299-668EBCA41C59}.Debug|Any CPU.Build.0 = Debug|Any CPU
		{68656FA9-D686-45A1-9299-668EBCA41C59}.Release|Any CPU.ActiveCfg = Release|Any CPU
		{68656FA9-D686-45A1-9299-668EBCA41C59}.Release|Any CPU.Build.0 = Release|Any CPU
		{3489C772-0E94-4413-AC7E-5DC2577CD921}.Debug|Any CPU.ActiveCfg = Debug|Any CPU
		{3489C772-0E94-4413-AC7E-5DC2577CD921}.Debug|Any CPU.Build.0 = Debug|Any CPU
		{3489C772-0E94-4413-AC7E-5DC2577CD921}.Release|Any CPU.ActiveCfg = Release|Any CPU
		{3489C772-0E94-4413-AC7E-5DC2577CD921}.Release|Any CPU.Build.0 = Release|Any CPU
		{158042E4-2E6A-46B0-9224-3B23D9AB9C97}.Debug|Any CPU.ActiveCfg = Debug|Any CPU
		{158042E4-2E6A-46B0-9224-3B23D9AB9C97}.Debug|Any CPU.Build.0 = Debug|Any CPU
		{158042E4-2E6A-46B0-9224-3B23D9AB9C97}.Release|Any CPU.ActiveCfg = Release|Any CPU
		{158042E4-2E6A-46B0-9224-3B23D9AB9C97}.Release|Any CPU.Build.0 = Release|Any CPU
		{96F750D3-04B3-43F1-8A47-4ED9D6811095}.Debug|Any CPU.ActiveCfg = Debug|Any CPU
		{96F750D3-04B3-43F1-8A47-4ED9D6811095}.Debug|Any CPU.Build.0 = Debug|Any CPU
		{96F750D3-04B3-43F1-8A47-4ED9D6811095}.Release|Any CPU.ActiveCfg = Release|Any CPU
		{96F750D3-04B3-43F1-8A47-4ED9D6811095}.Release|Any CPU.Build.0 = Release|Any CPU
		{891B8754-0B03-4BB7-BC4D-D81F2BD4700C}.Debug|Any CPU.ActiveCfg = Debug|Any CPU
		{891B8754-0B03-4BB7-BC4D-D81F2BD4700C}.Debug|Any CPU.Build.0 = Debug|Any CPU
		{891B8754-0B03-4BB7-BC4D-D81F2BD4700C}.Release|Any CPU.ActiveCfg = Release|Any CPU
		{891B8754-0B03-4BB7-BC4D-D81F2BD4700C}.Release|Any CPU.Build.0 = Release|Any CPU
		{3CF40562-0E39-4803-A7CF-21B308382D64}.Debug|Any CPU.ActiveCfg = Debug|Any CPU
		{3CF40562-0E39-4803-A7CF-21B308382D64}.Debug|Any CPU.Build.0 = Debug|Any CPU
		{3CF40562-0E39-4803-A7CF-21B308382D64}.Release|Any CPU.ActiveCfg = Release|Any CPU
		{3CF40562-0E39-4803-A7CF-21B308382D64}.Release|Any CPU.Build.0 = Release|Any CPU
		{8610CDCF-2B58-4784-8194-B37025646C3B}.Debug|Any CPU.ActiveCfg = Debug|Any CPU
		{8610CDCF-2B58-4784-8194-B37025646C3B}.Debug|Any CPU.Build.0 = Debug|Any CPU
		{8610CDCF-2B58-4784-8194-B37025646C3B}.Release|Any CPU.ActiveCfg = Release|Any CPU
		{8610CDCF-2B58-4784-8194-B37025646C3B}.Release|Any CPU.Build.0 = Release|Any CPU
		{84889348-C295-490A-BBDB-A85CF22AEA9E}.Debug|Any CPU.ActiveCfg = Debug|Any CPU
		{84889348-C295-490A-BBDB-A85CF22AEA9E}.Debug|Any CPU.Build.0 = Debug|Any CPU
		{84889348-C295-490A-BBDB-A85CF22AEA9E}.Release|Any CPU.ActiveCfg = Release|Any CPU
		{84889348-C295-490A-BBDB-A85CF22AEA9E}.Release|Any CPU.Build.0 = Release|Any CPU
		{F1BCDBF9-752B-40E2-8A71-44F731E50F75}.Debug|Any CPU.ActiveCfg = Debug|Any CPU
		{F1BCDBF9-752B-40E2-8A71-44F731E50F75}.Debug|Any CPU.Build.0 = Debug|Any CPU
		{F1BCDBF9-752B-40E2-8A71-44F731E50F75}.Release|Any CPU.ActiveCfg = Release|Any CPU
		{F1BCDBF9-752B-40E2-8A71-44F731E50F75}.Release|Any CPU.Build.0 = Release|Any CPU
		{9BF2D64E-5E76-446F-B912-63F2BD55F49D}.Debug|Any CPU.ActiveCfg = Debug|Any CPU
		{9BF2D64E-5E76-446F-B912-63F2BD55F49D}.Debug|Any CPU.Build.0 = Debug|Any CPU
		{9BF2D64E-5E76-446F-B912-63F2BD55F49D}.Release|Any CPU.ActiveCfg = Release|Any CPU
		{9BF2D64E-5E76-446F-B912-63F2BD55F49D}.Release|Any CPU.Build.0 = Release|Any CPU
		{6DF40625-40BA-4AD7-8FCB-D7512DA71FFC}.Debug|Any CPU.ActiveCfg = Debug|Any CPU
		{6DF40625-40BA-4AD7-8FCB-D7512DA71FFC}.Debug|Any CPU.Build.0 = Debug|Any CPU
		{6DF40625-40BA-4AD7-8FCB-D7512DA71FFC}.Release|Any CPU.ActiveCfg = Release|Any CPU
		{6DF40625-40BA-4AD7-8FCB-D7512DA71FFC}.Release|Any CPU.Build.0 = Release|Any CPU
		{366E34EE-208E-4B1D-8879-F154DF7A2455}.Debug|Any CPU.ActiveCfg = Debug|Any CPU
		{366E34EE-208E-4B1D-8879-F154DF7A2455}.Debug|Any CPU.Build.0 = Debug|Any CPU
		{366E34EE-208E-4B1D-8879-F154DF7A2455}.Release|Any CPU.ActiveCfg = Release|Any CPU
		{366E34EE-208E-4B1D-8879-F154DF7A2455}.Release|Any CPU.Build.0 = Release|Any CPU
	EndGlobalSection
	GlobalSection(SolutionProperties) = preSolution
		HideSolutionNode = FALSE
	EndGlobalSection
	GlobalSection(NestedProjects) = preSolution
		{5EEDFFB6-A61A-4215-A57F-88B24B5073F8} = {261ED94F-5197-460B-9B6F-C3E0802193F7}
		{8CABEDDB-CFB4-4FBA-AF82-E1E4F61DA5E7} = {8FC77051-A10F-47B7-99C0-44F9EA5ABABE}
		{4B99397C-0463-40DF-8151-71339EB054C5} = {2BAD429E-8340-4392-8BE0-CFBE712E7623}
		{0668E463-2FB9-4D83-8FD5-BABAF6E85BDB} = {8FC77051-A10F-47B7-99C0-44F9EA5ABABE}
		{2BAD429E-8340-4392-8BE0-CFBE712E7623} = {8FC77051-A10F-47B7-99C0-44F9EA5ABABE}
		{0DC8F180-7670-4C1E-A64F-3219395778B2} = {0668E463-2FB9-4D83-8FD5-BABAF6E85BDB}
		{1DC0C7DA-9A74-4E20-84F5-A4F69AB4CA6D} = {0668E463-2FB9-4D83-8FD5-BABAF6E85BDB}
		{F503E49A-EA88-49DD-AB86-DEA7892AECDC} = {0668E463-2FB9-4D83-8FD5-BABAF6E85BDB}
		{F0B91C0A-7144-4E7D-AE08-8BAF785FF12B} = {0668E463-2FB9-4D83-8FD5-BABAF6E85BDB}
		{E3B78AA0-8B4E-4E64-9540-DC97370A7D30} = {F0B91C0A-7144-4E7D-AE08-8BAF785FF12B}
		{5913D895-F101-4C3B-ADFC-2854D73A7443} = {F0B91C0A-7144-4E7D-AE08-8BAF785FF12B}
		{38CF5FB2-3D50-4B13-8314-F700B05383F3} = {1DA159C8-90C4-4281-BD8E-514EF1B0CF3E}
		{705D7CC0-0571-45E6-906D-62964ADFC926} = {1DA159C8-90C4-4281-BD8E-514EF1B0CF3E}
		{9C4484F2-95BA-47D0-88D0-12FAEDEF9461} = {1DA159C8-90C4-4281-BD8E-514EF1B0CF3E}
		{BA3559AC-24F5-4861-8AD4-6B2A3A1BAA60} = {29F32913-F040-4AEB-BF75-D13AAA8271AC}
		{F5F3B490-69BB-47C6-A651-32DDF32FD6FE} = {306EA200-0CA3-41E0-8877-91656BF05BD2}
		{7BA637F1-8F99-4535-8509-34789B5C8D3E} = {705D7CC0-0571-45E6-906D-62964ADFC926}
		{3C31CA30-FFA8-4A47-99B7-B204D8D6E82A} = {9C4484F2-95BA-47D0-88D0-12FAEDEF9461}
		{91A7C14F-318F-4C05-A535-88836AA8FD4C} = {5EEDFFB6-A61A-4215-A57F-88B24B5073F8}
		{FAA0773C-5EB8-4BE3-9B63-B702A1DF21F4} = {5EEDFFB6-A61A-4215-A57F-88B24B5073F8}
		{008C9D8E-ACA8-4D3A-B09A-CFB995EECE7E} = {5EEDFFB6-A61A-4215-A57F-88B24B5073F8}
		{4B6F3313-3028-4D76-9DCF-064E0A6D6579} = {5EEDFFB6-A61A-4215-A57F-88B24B5073F8}
		{3A1AF118-C2FC-4C9A-BB2B-9950BFA66648} = {5EEDFFB6-A61A-4215-A57F-88B24B5073F8}
		{37A888F1-4977-4AD2-8410-BDC61418241B} = {9296FDDC-EE9E-4219-8361-18687335E65E}
		{9566D036-19F0-44EE-8E2B-D5271805E5E9} = {9296FDDC-EE9E-4219-8361-18687335E65E}
		{6DBDEB1E-513B-4892-8FBF-2AABF4E8BE40} = {9296FDDC-EE9E-4219-8361-18687335E65E}
		{9296FDDC-EE9E-4219-8361-18687335E65E} = {261ED94F-5197-460B-9B6F-C3E0802193F7}
		{60FB20C4-E121-4ADF-9220-B7C9B12818A8} = {7056B23C-90D1-4566-A02C-2808AC48F8F6}
		{331F1B10-210E-4551-837E-FA2E4304918E} = {B64177E0-7256-4113-A447-C93E583F2BF9}
		{61B87D16-ECF4-4632-8BF8-872C429CEE4B} = {916AE965-4D8C-4B35-AD3D-C182B7E8933F}
		{7056B23C-90D1-4566-A02C-2808AC48F8F6} = {9566D036-19F0-44EE-8E2B-D5271805E5E9}
		{B64177E0-7256-4113-A447-C93E583F2BF9} = {9566D036-19F0-44EE-8E2B-D5271805E5E9}
		{916AE965-4D8C-4B35-AD3D-C182B7E8933F} = {9566D036-19F0-44EE-8E2B-D5271805E5E9}
		{388395A8-500C-4A00-A71F-5A7023FE8E10} = {812DDCEB-07F9-4D1A-A487-B851E10DD050}
		{812DDCEB-07F9-4D1A-A487-B851E10DD050} = {6DBDEB1E-513B-4892-8FBF-2AABF4E8BE40}
		{A0BA23CE-6A44-4AB2-B846-A948369D62EF} = {6DBDEB1E-513B-4892-8FBF-2AABF4E8BE40}
		{E8A7B2B3-0EC1-48B6-AC42-5DF79448346D} = {6DBDEB1E-513B-4892-8FBF-2AABF4E8BE40}
		{586C7DD3-70B4-41EB-A855-938838B7E502} = {37A888F1-4977-4AD2-8410-BDC61418241B}
		{AD860D5D-789D-43EB-92AC-DDC2F41FBB34} = {37A888F1-4977-4AD2-8410-BDC61418241B}
		{7D6A8882-0D56-4419-8832-4E0E70332319} = {37A888F1-4977-4AD2-8410-BDC61418241B}
		{ED180BF7-D436-44C1-8FB8-AD21D160C63E} = {586C7DD3-70B4-41EB-A855-938838B7E502}
		{7197976F-5C20-4DD3-A1FE-64EE84B37720} = {E8A7B2B3-0EC1-48B6-AC42-5DF79448346D}
		{B9F1A9DD-D6CA-4806-B964-B9C4D0035E39} = {A0BA23CE-6A44-4AB2-B846-A948369D62EF}
		{F7BDA648-F850-431E-80AA-4EA270DAFE4B} = {AD860D5D-789D-43EB-92AC-DDC2F41FBB34}
		{3CC5F82A-0EEB-43D7-88EB-BB0D61FEBEDC} = {586C7DD3-70B4-41EB-A855-938838B7E502}
		{68656FA9-D686-45A1-9299-668EBCA41C59} = {8FC77051-A10F-47B7-99C0-44F9EA5ABABE}
		{C60F8B14-C919-4B1C-A55B-C6B027C172F5} = {0668E463-2FB9-4D83-8FD5-BABAF6E85BDB}
		{3489C772-0E94-4413-AC7E-5DC2577CD921} = {C60F8B14-C919-4B1C-A55B-C6B027C172F5}
		{201842E7-C04D-4A5F-84B5-C53CBB2B6D1E} = {9296FDDC-EE9E-4219-8361-18687335E65E}
		{158042E4-2E6A-46B0-9224-3B23D9AB9C97} = {201842E7-C04D-4A5F-84B5-C53CBB2B6D1E}
		{96F750D3-04B3-43F1-8A47-4ED9D6811095} = {201842E7-C04D-4A5F-84B5-C53CBB2B6D1E}
		{891B8754-0B03-4BB7-BC4D-D81F2BD4700C} = {201842E7-C04D-4A5F-84B5-C53CBB2B6D1E}
		{3CF40562-0E39-4803-A7CF-21B308382D64} = {29F32913-F040-4AEB-BF75-D13AAA8271AC}
		{306EA200-0CA3-41E0-8877-91656BF05BD2} = {38CF5FB2-3D50-4B13-8314-F700B05383F3}
		{29F32913-F040-4AEB-BF75-D13AAA8271AC} = {38CF5FB2-3D50-4B13-8314-F700B05383F3}
		{7AFBCA32-61FE-4B1D-A377-29FDED10441C} = {38CF5FB2-3D50-4B13-8314-F700B05383F3}
		{8610CDCF-2B58-4784-8194-B37025646C3B} = {7AFBCA32-61FE-4B1D-A377-29FDED10441C}
		{84889348-C295-490A-BBDB-A85CF22AEA9E} = {AD860D5D-789D-43EB-92AC-DDC2F41FBB34}
		{F1BCDBF9-752B-40E2-8A71-44F731E50F75} = {7D6A8882-0D56-4419-8832-4E0E70332319}
		{6FF492B8-DC9B-4E6E-A8F5-BE4685D006EE} = {261ED94F-5197-460B-9B6F-C3E0802193F7}
		{9BF2D64E-5E76-446F-B912-63F2BD55F49D} = {6FF492B8-DC9B-4E6E-A8F5-BE4685D006EE}
		{6DF40625-40BA-4AD7-8FCB-D7512DA71FFC} = {6FF492B8-DC9B-4E6E-A8F5-BE4685D006EE}
		{366E34EE-208E-4B1D-8879-F154DF7A2455} = {6FF492B8-DC9B-4E6E-A8F5-BE4685D006EE}
	EndGlobalSection
	GlobalSection(ExtensibilityGlobals) = postSolution
		SolutionGuid = {E490D0C8-C5A7-4F24-8A9B-CE1635508778}
	EndGlobalSection
EndGlobal
